{
  "originHash" : "2a7673ee3c71232943ae950f963f4ececc928e9e9223c8bddaa3a901c9e9b315",
  "pins" : [
    {
      "identity" : "asyncimagecache",
      "kind" : "remoteSourceControl",
      "location" : "https://github.com/abra-code/AsyncImageCache",
      "state" : {
        "revision" : "aedaeb70f7763b5f4caf7cfdce228007d857ae94",
        "version" : "0.1.1"
      }
    },
    {
      "identity" : "diffview",
      "kind" : "remoteSourceControl",
      "location" : "https://github.com/abra-code/DiffView",
      "state" : {
        "revision" : "8a7a956dd95e83437f656c514b67faec80558111",
        "version" : "0.1.0"
      }
    },
    {
      "identity" : "richtext",
      "kind" : "remoteSourceControl",
      "location" : "https://github.com/abra-code/RichText",
      "state" : {
        "revision" : "6257b1a7995d6a9f3fd7a095cc7fa04651f6edcc",
        "version" : "0.2.5"
      }
    }
  ],
  "version" : 3
}
