// !$*UTF8*$!
{
	archiveVersion = 1;
	classes = {
	};
	objectVersion = 77;
	objects = {

/* Begin PBXBuildFile section */
		110D4E7A484E045FDDBDB301 /* ChatConfig.swift in Sources */ = {isa = PBXBuildFile; fileRef = FFC85D593F4552F58FD25C4F /* ChatConfig.swift */; };
		2848FD3D06E1EBCB063E0B4E /* ActionUIChat.swift in Sources */ = {isa = PBXBuildFile; fileRef = BC88DDD21C397ED83849399A /* ActionUIChat.swift */; };
		9AD0237B79EA1947D666D5FA /* ChatActionUIBridge.swift in Sources */ = {isa = PBXBuildFile; fileRef = A7E26ECA04E411D38313881B /* ChatActionUIBridge.swift */; };
		C5A1FDC44019CB95AEF4D90F /* Chat.swift in Sources */ = {isa = PBXBuildFile; fileRef = 7D8107BCC771319848E3B359 /* Chat.swift */; };
		E65BD2AECA5315F26ECC92B7 /* ActionUIChatCore.swift in Sources */ = {isa = PBXBuildFile; fileRef = 4E5317EA651B8995197471C1 /* ActionUIChatCore.swift */; };
		F3BCB348F0226DBAA0626C00 /* ActionUIChatOpenAI.swift in Sources */ = {isa = PBXBuildFile; fileRef = D9C0561BAD03F4191F564824 /* ActionUIChatOpenAI.swift */; };
		F86E0FE67450F4D9564501DA /* ActionUIChatACP.swift in Sources */ = {isa = PBXBuildFile; fileRef = 3AA0F390148DC623462B3C09 /* ActionUIChatACP.swift */; };
/* End PBXBuildFile section */

/* Begin PBXContainerItemProxy section */
		09BA8C4DB1A10AB03F3925CE /* PBXContainerItemProxy */ = {
			isa = PBXContainerItemProxy;
			containerPortal = 5970A30245C1C30C9A196103 /* Project object */;
			proxyType = 1;
			remoteGlobalIDString = 8BDF71498FA8B862719BDCF1;
			remoteInfo = ActionUIChatACP;
		};
		1141304C819E7938B641EEAA /* PBXContainerItemProxy */ = {
			isa = PBXContainerItemProxy;
			containerPortal = 5970A30245C1C30C9A196103 /* Project object */;
			proxyType = 1;
			remoteGlobalIDString = 1FE44EA0529FED26A000779C;
			remoteInfo = ActionUIChatOpenAI;
		};
		451A08577B158AEF0FCFED8A /* PBXContainerItemProxy */ = {
			isa = PBXContainerItemProxy;
			containerPortal = 5970A30245C1C30C9A196103 /* Project object */;
			proxyType = 1;
			remoteGlobalIDString = 916E6907612190B5F7941E5B;
			remoteInfo = ActionUIChatCore;
		};
		66CB1A36D161045EE5D5398D /* PBXContainerItemProxy */ = {
			isa = PBXContainerItemProxy;
			containerPortal = 5970A30245C1C30C9A196103 /* Project object */;
			proxyType = 1;
			remoteGlobalIDString = 916E6907612190B5F7941E5B;
			remoteInfo = ActionUIChatCore;
		};
		82F51702F969D30EFFF2B004 /* PBXContainerItemProxy */ = {
			isa = PBXContainerItemProxy;
			containerPortal = 5970A30245C1C30C9A196103 /* Project object */;
			proxyType = 1;
			remoteGlobalIDString = 916E6907612190B5F7941E5B;
			remoteInfo = ActionUIChatCore;
		};
/* End PBXContainerItemProxy section */

/* Begin PBXFileReference section */
		35001F12AE5280DF469A9A34 /* libActionUIChatOpenAI.a */ = {isa = PBXFileReference; explicitFileType = archive.ar; includeInIndex = 0; path = libActionUIChatOpenAI.a; sourceTree = BUILT_PRODUCTS_DIR; };
		3AA0F390148DC623462B3C09 /* ActionUIChatACP.swift */ = {isa = PBXFileReference; lastKnownFileType = sourcecode.swift; path = ActionUIChatACP.swift; sourceTree = "<group>"; };
		3ADFD8628EF32B8D7430BF62 /* libActionUIChatCore.a */ = {isa = PBXFileReference; explicitFileType = archive.ar; includeInIndex = 0; path = libActionUIChatCore.a; sourceTree = BUILT_PRODUCTS_DIR; };
		4E5317EA651B8995197471C1 /* ActionUIChatCore.swift */ = {isa = PBXFileReference; lastKnownFileType = sourcecode.swift; path = ActionUIChatCore.swift; sourceTree = "<group>"; };
		7D8107BCC771319848E3B359 /* Chat.swift */ = {isa = PBXFileReference; lastKnownFileType = sourcecode.swift; path = Chat.swift; sourceTree = "<group>"; };
		A7E26ECA04E411D38313881B /* ChatActionUIBridge.swift */ = {isa = PBXFileReference; lastKnownFileType = sourcecode.swift; path = ChatActionUIBridge.swift; sourceTree = "<group>"; };
		BC88DDD21C397ED83849399A /* ActionUIChat.swift */ = {isa = PBXFileReference; lastKnownFileType = sourcecode.swift; path = ActionUIChat.swift; sourceTree = "<group>"; };
		D9C0561BAD03F4191F564824 /* ActionUIChatOpenAI.swift */ = {isa = PBXFileReference; lastKnownFileType = sourcecode.swift; path = ActionUIChatOpenAI.swift; sourceTree = "<group>"; };
		E2D0D3682609D260E1B85415 /* ActionUI */ = {isa = PBXFileReference; lastKnownFileType = folder; name = ActionUI; path = ../..; sourceTree = SOURCE_ROOT; };
		E4DDC1726E109B2537F13C6F /* libActionUIChat.a */ = {isa = PBXFileReference; explicitFileType = archive.ar; includeInIndex = 0; path = libActionUIChat.a; sourceTree = BUILT_PRODUCTS_DIR; };
		EF26172B28AE2113E44055F5 /* libActionUIChatACP.a */ = {isa = PBXFileReference; explicitFileType = archive.ar; includeInIndex = 0; path = libActionUIChatACP.a; sourceTree = BUILT_PRODUCTS_DIR; };
		FFC85D593F4552F58FD25C4F /* ChatConfig.swift */ = {isa = PBXFileReference; lastKnownFileType = sourcecode.swift; path = ChatConfig.swift; sourceTree = "<group>"; };
/* End PBXFileReference section */

/* Begin PBXGroup section */
		42F660AD6FAA551C77B55ABF /* Products */ = {
			isa = PBXGroup;
			children = (
				E4DDC1726E109B2537F13C6F /* libActionUIChat.a */,
				EF26172B28AE2113E44055F5 /* libActionUIChatACP.a */,
				3ADFD8628EF32B8D7430BF62 /* libActionUIChatCore.a */,
				35001F12AE5280DF469A9A34 /* libActionUIChatOpenAI.a */,
			);
			name = Products;
			sourceTree = "<group>";
		};
		4B95F463685A44343159AE1F /* Sources */ = {
			isa = PBXGroup;
			children = (
				F44C0CF8E441B993C24FAAC6 /* ACP */,
				A04DB729489760DDB2E4FC19 /* Core */,
				CA344D333117D1FA64C122FE /* OpenAI */,
				8FC013EE055078559810238B /* Umbrella */,
			);
			path = Sources;
			sourceTree = "<group>";
		};
		8FC013EE055078559810238B /* Umbrella */ = {
			isa = PBXGroup;
			children = (
				BC88DDD21C397ED83849399A /* ActionUIChat.swift */,
			);
			path = Umbrella;
			sourceTree = "<group>";
		};
		A04DB729489760DDB2E4FC19 /* Core */ = {
			isa = PBXGroup;
			children = (
				4E5317EA651B8995197471C1 /* ActionUIChatCore.swift */,
				7D8107BCC771319848E3B359 /* Chat.swift */,
				A7E26ECA04E411D38313881B /* ChatActionUIBridge.swift */,
				FFC85D593F4552F58FD25C4F /* ChatConfig.swift */,
			);
			path = Core;
			sourceTree = "<group>";
		};
		C38FF8FB955EF9C75D0C023B /* Packages */ = {
			isa = PBXGroup;
			children = (
				E2D0D3682609D260E1B85415 /* ActionUI */,
			);
			name = Packages;
			sourceTree = "<group>";
		};
		CA344D333117D1FA64C122FE /* OpenAI */ = {
			isa = PBXGroup;
			children = (
				D9C0561BAD03F4191F564824 /* ActionUIChatOpenAI.swift */,
			);
			path = OpenAI;
			sourceTree = "<group>";
		};
		E34C486BCF946F55FDB7E33E = {
			isa = PBXGroup;
			children = (
				C38FF8FB955EF9C75D0C023B /* Packages */,
				4B95F463685A44343159AE1F /* Sources */,
				42F660AD6FAA551C77B55ABF /* Products */,
			);
			sourceTree = "<group>";
		};
		F44C0CF8E441B993C24FAAC6 /* ACP */ = {
			isa = PBXGroup;
			children = (
				3AA0F390148DC623462B3C09 /* ActionUIChatACP.swift */,
			);
			path = ACP;
			sourceTree = "<group>";
		};
/* End PBXGroup section */

/* Begin PBXNativeTarget section */
		1FE44EA0529FED26A000779C /* ActionUIChatOpenAI */ = {
			isa = PBXNativeTarget;
			buildConfigurationList = 32777EF1B01E794A22220726 /* Build configuration list for PBXNativeTarget "ActionUIChatOpenAI" */;
			buildPhases = (
				402647F506F08F54CD5F3845 /* Sources */,
				15F807D8B770D74F62164B29 /* Copy Swift Objective-C Interface Header */,
			);
			buildRules = (
			);
			dependencies = (
				D849A1569B57E27187AD0BC8 /* PBXTargetDependency */,
				B8924B81B06B30EDBA8A0A7C /* PBXTargetDependency */,
			);
			name = ActionUIChatOpenAI;
			packageProductDependencies = (
			);
			productName = ActionUIChatOpenAI;
			productReference = 35001F12AE5280DF469A9A34 /* libActionUIChatOpenAI.a */;
			productType = "com.apple.product-type.library.static";
		};
		8BDF71498FA8B862719BDCF1 /* ActionUIChatACP */ = {
			isa = PBXNativeTarget;
			buildConfigurationList = 5D8C0C871158ED3CE2343A2F /* Build configuration list for PBXNativeTarget "ActionUIChatACP" */;
			buildPhases = (
				38043243A19468923171E7A8 /* Sources */,
				1439F1FF7562D7C7B41B4908 /* Copy Swift Objective-C Interface Header */,
			);
			buildRules = (
			);
			dependencies = (
				2B61DECCF5E016D12382418E /* PBXTargetDependency */,
				3E82EA73166876D90557F763 /* PBXTargetDependency */,
			);
			name = ActionUIChatACP;
			packageProductDependencies = (
			);
			productName = ActionUIChatACP;
			productReference = EF26172B28AE2113E44055F5 /* libActionUIChatACP.a */;
			productType = "com.apple.product-type.library.static";
		};
		916E6907612190B5F7941E5B /* ActionUIChatCore */ = {
			isa = PBXNativeTarget;
			buildConfigurationList = B60E156CAA1F661EB8F44961 /* Build configuration list for PBXNativeTarget "ActionUIChatCore" */;
			buildPhases = (
				20D805D6BDCFB7974673C050 /* Sources */,
				D9120CC76DC1E6C4B1F1C295 /* Copy Swift Objective-C Interface Header */,
			);
			buildRules = (
			);
			dependencies = (
				8AAB34252113FC65C32F10D6 /* PBXTargetDependency */,
				00BC176F81F56E0CB7AE8525 /* PBXTargetDependency */,
			);
			name = ActionUIChatCore;
			packageProductDependencies = (
			);
			productName = ActionUIChatCore;
			productReference = 3ADFD8628EF32B8D7430BF62 /* libActionUIChatCore.a */;
			productType = "com.apple.product-type.library.static";
		};
		CBC2B5E3C21162ADCA96B481 /* ActionUIChat */ = {
			isa = PBXNativeTarget;
			buildConfigurationList = F8FE6EFBD43ACDD4DA2B2575 /* Build configuration list for PBXNativeTarget "ActionUIChat" */;
			buildPhases = (
				2C59489ADBA030D54129C310 /* Sources */,
				58CA52B34476FAED03836567 /* Copy Swift Objective-C Interface Header */,
			);
			buildRules = (
			);
			dependencies = (
				12AE6206D9A542A696BCD072 /* PBXTargetDependency */,
				43188FDBA234B081869792A6 /* PBXTargetDependency */,
				3648CD126EE58B8066968EB7 /* PBXTargetDependency */,
			);
			name = ActionUIChat;
			packageProductDependencies = (
			);
			productName = ActionUIChat;
			productReference = E4DDC1726E109B2537F13C6F /* libActionUIChat.a */;
			productType = "com.apple.product-type.library.static";
		};
/* End PBXNativeTarget section */

/* Begin PBXProject section */
		5970A30245C1C30C9A196103 /* Project object */ = {
			isa = PBXProject;
			attributes = {
				BuildIndependentTargetsInParallel = YES;
				LastUpgradeCheck = 1430;
				TargetAttributes = {
				};
			};
			buildConfigurationList = C23E755863B7F3464500D216 /* Build configuration list for PBXProject "ActionUIChat" */;
			developmentRegion = en;
			hasScannedForEncodings = 0;
			knownRegions = (
				Base,
				en,
			);
			mainGroup = E34C486BCF946F55FDB7E33E;
			minimizedProjectReferenceProxies = 1;
			packageReferences = (
				3F8836FC5015EC6EB82510B0 /* XCRemoteSwiftPackageReference "ChatView" */,
				CC8FC57848AC9B40A3CE44A7 /* XCLocalSwiftPackageReference "../.." */,
			);
			preferredProjectObjectVersion = 77;
			productRefGroup = 42F660AD6FAA551C77B55ABF /* Products */;
			projectDirPath = "";
			projectRoot = "";
			targets = (
				CBC2B5E3C21162ADCA96B481 /* ActionUIChat */,
				8BDF71498FA8B862719BDCF1 /* ActionUIChatACP */,
				916E6907612190B5F7941E5B /* ActionUIChatCore */,
				1FE44EA0529FED26A000779C /* ActionUIChatOpenAI */,
			);
		};
/* End PBXProject section */

/* Begin PBXShellScriptBuildPhase section */
		1439F1FF7562D7C7B41B4908 /* Copy Swift Objective-C Interface Header */ = {
			isa = PBXShellScriptBuildPhase;
			buildActionMask = 2147483647;
			files = (
			);
			inputPaths = (
				"$(DERIVED_SOURCES_DIR)/$(SWIFT_OBJC_INTERFACE_HEADER_NAME)",
			);
			name = "Copy Swift Objective-C Interface Header";
			outputPaths = (
				"$(BUILT_PRODUCTS_DIR)/include/$(PRODUCT_MODULE_NAME)/$(SWIFT_OBJC_INTERFACE_HEADER_NAME)",
			);
			runOnlyForDeploymentPostprocessing = 0;
			shellPath = /bin/sh;
			shellScript = "ditto \"${SCRIPT_INPUT_FILE_0}\" \"${SCRIPT_OUTPUT_FILE_0}\"\n";
		};
		15F807D8B770D74F62164B29 /* Copy Swift Objective-C Interface Header */ = {
			isa = PBXShellScriptBuildPhase;
			buildActionMask = 2147483647;
			files = (
			);
			inputPaths = (
				"$(DERIVED_SOURCES_DIR)/$(SWIFT_OBJC_INTERFACE_HEADER_NAME)",
			);
			name = "Copy Swift Objective-C Interface Header";
			outputPaths = (
				"$(BUILT_PRODUCTS_DIR)/include/$(PRODUCT_MODULE_NAME)/$(SWIFT_OBJC_INTERFACE_HEADER_NAME)",
			);
			runOnlyForDeploymentPostprocessing = 0;
			shellPath = /bin/sh;
			shellScript = "ditto \"${SCRIPT_INPUT_FILE_0}\" \"${SCRIPT_OUTPUT_FILE_0}\"\n";
		};
		58CA52B34476FAED03836567 /* Copy Swift Objective-C Interface Header */ = {
			isa = PBXShellScriptBuildPhase;
			buildActionMask = 2147483647;
			files = (
			);
			inputPaths = (
				"$(DERIVED_SOURCES_DIR)/$(SWIFT_OBJC_INTERFACE_HEADER_NAME)",
			);
			name = "Copy Swift Objective-C Interface Header";
			outputPaths = (
				"$(BUILT_PRODUCTS_DIR)/include/$(PRODUCT_MODULE_NAME)/$(SWIFT_OBJC_INTERFACE_HEADER_NAME)",
			);
			runOnlyForDeploymentPostprocessing = 0;
			shellPath = /bin/sh;
			shellScript = "ditto \"${SCRIPT_INPUT_FILE_0}\" \"${SCRIPT_OUTPUT_FILE_0}\"\n";
		};
		D9120CC76DC1E6C4B1F1C295 /* Copy Swift Objective-C Interface Header */ = {
			isa = PBXShellScriptBuildPhase;
			buildActionMask = 2147483647;
			files = (
			);
			inputPaths = (
				"$(DERIVED_SOURCES_DIR)/$(SWIFT_OBJC_INTERFACE_HEADER_NAME)",
			);
			name = "Copy Swift Objective-C Interface Header";
			outputPaths = (
				"$(BUILT_PRODUCTS_DIR)/include/$(PRODUCT_MODULE_NAME)/$(SWIFT_OBJC_INTERFACE_HEADER_NAME)",
			);
			runOnlyForDeploymentPostprocessing = 0;
			shellPath = /bin/sh;
			shellScript = "ditto \"${SCRIPT_INPUT_FILE_0}\" \"${SCRIPT_OUTPUT_FILE_0}\"\n";
		};
/* End PBXShellScriptBuildPhase section */

/* Begin PBXSourcesBuildPhase section */
		20D805D6BDCFB7974673C050 /* Sources */ = {
			isa = PBXSourcesBuildPhase;
			buildActionMask = 2147483647;
			files = (
				E65BD2AECA5315F26ECC92B7 /* ActionUIChatCore.swift in Sources */,
				C5A1FDC44019CB95AEF4D90F /* Chat.swift in Sources */,
				9AD0237B79EA1947D666D5FA /* ChatActionUIBridge.swift in Sources */,
				110D4E7A484E045FDDBDB301 /* ChatConfig.swift in Sources */,
			);
			runOnlyForDeploymentPostprocessing = 0;
		};
		2C59489ADBA030D54129C310 /* Sources */ = {
			isa = PBXSourcesBuildPhase;
			buildActionMask = 2147483647;
			files = (
				2848FD3D06E1EBCB063E0B4E /* ActionUIChat.swift in Sources */,
			);
			runOnlyForDeploymentPostprocessing = 0;
		};
		38043243A19468923171E7A8 /* Sources */ = {
			isa = PBXSourcesBuildPhase;
			buildActionMask = 2147483647;
			files = (
				F86E0FE67450F4D9564501DA /* ActionUIChatACP.swift in Sources */,
			);
			runOnlyForDeploymentPostprocessing = 0;
		};
		402647F506F08F54CD5F3845 /* Sources */ = {
			isa = PBXSourcesBuildPhase;
			buildActionMask = 2147483647;
			files = (
				F3BCB348F0226DBAA0626C00 /* ActionUIChatOpenAI.swift in Sources */,
			);
			runOnlyForDeploymentPostprocessing = 0;
		};
/* End PBXSourcesBuildPhase section */

/* Begin PBXTargetDependency section */
		00BC176F81F56E0CB7AE8525 /* PBXTargetDependency */ = {
			isa = PBXTargetDependency;
			productRef = "TEMP_98488B9B-3402-415E-84A9-93CFC9AB7910" /* ChatView */;
		};
		12AE6206D9A542A696BCD072 /* PBXTargetDependency */ = {
			isa = PBXTargetDependency;
			target = 916E6907612190B5F7941E5B /* ActionUIChatCore */;
			targetProxy = 66CB1A36D161045EE5D5398D /* PBXContainerItemProxy */;
		};
		2B61DECCF5E016D12382418E /* PBXTargetDependency */ = {
			isa = PBXTargetDependency;
			target = 916E6907612190B5F7941E5B /* ActionUIChatCore */;
			targetProxy = 451A08577B158AEF0FCFED8A /* PBXContainerItemProxy */;
		};
		3648CD126EE58B8066968EB7 /* PBXTargetDependency */ = {
			isa = PBXTargetDependency;
			target = 1FE44EA0529FED26A000779C /* ActionUIChatOpenAI */;
			targetProxy = 1141304C819E7938B641EEAA /* PBXContainerItemProxy */;
		};
		3E82EA73166876D90557F763 /* PBXTargetDependency */ = {
			isa = PBXTargetDependency;
			productRef = "TEMP_CADA4B17-9564-4A82-902B-74AECDC54506" /* ChatViewACP */;
		};
		43188FDBA234B081869792A6 /* PBXTargetDependency */ = {
			isa = PBXTargetDependency;
			target = 8BDF71498FA8B862719BDCF1 /* ActionUIChatACP */;
			targetProxy = 09BA8C4DB1A10AB03F3925CE /* PBXContainerItemProxy */;
		};
		8AAB34252113FC65C32F10D6 /* PBXTargetDependency */ = {
			isa = PBXTargetDependency;
			productRef = "TEMP_F9DF104F-1CF1-405A-BA8E-7CBA9D0B5F1C" /* ActionUI */;
		};
		B8924B81B06B30EDBA8A0A7C /* PBXTargetDependency */ = {
			isa = PBXTargetDependency;
			productRef = "TEMP_28F06C75-3C5E-42D2-93DB-65C1E1FBA79A" /* ChatViewOpenAI */;
		};
		D849A1569B57E27187AD0BC8 /* PBXTargetDependency */ = {
			isa = PBXTargetDependency;
			target = 916E6907612190B5F7941E5B /* ActionUIChatCore */;
			targetProxy = 82F51702F969D30EFFF2B004 /* PBXContainerItemProxy */;
		};
/* End PBXTargetDependency section */

/* Begin XCBuildConfiguration section */
		01204771F910F56E2DA26DD9 /* Debug */ = {
			isa = XCBuildConfiguration;
			buildSettings = {
				COMBINE_HIDPI_IMAGES = YES;
				LD_RUNPATH_SEARCH_PATHS = (
					"$(inherited)",
					"@executable_path/../Frameworks",
				);
				PRODUCT_BUNDLE_IDENTIFIER = com.abracode.actionui.ActionUIChatCore;
				PRODUCT_MODULE_NAME = ActionUIChatCore;
				SDKROOT = macosx;
				SKIP_INSTALL = YES;
				SWIFT_VERSION = 6.0;
			};
			name = Debug;
		};
		1E4A65A303961A0DC976ABB5 /* Release */ = {
			isa = XCBuildConfiguration;
			buildSettings = {
				COMBINE_HIDPI_IMAGES = YES;
				LD_RUNPATH_SEARCH_PATHS = (
					"$(inherited)",
					"@executable_path/../Frameworks",
				);
				PRODUCT_BUNDLE_IDENTIFIER = com.abracode.actionui.ActionUIChatOpenAI;
				PRODUCT_MODULE_NAME = ActionUIChatOpenAI;
				SDKROOT = macosx;
				SKIP_INSTALL = YES;
				SWIFT_VERSION = 6.0;
			};
			name = Release;
		};
		24F635E745E955236256A888 /* Release */ = {
			isa = XCBuildConfiguration;
			buildSettings = {
				COMBINE_HIDPI_IMAGES = YES;
				LD_RUNPATH_SEARCH_PATHS = (
					"$(inherited)",
					"@executable_path/../Frameworks",
				);
				PRODUCT_BUNDLE_IDENTIFIER = com.abracode.actionui.ActionUIChat;
				PRODUCT_MODULE_NAME = ActionUIChat;
				SDKROOT = macosx;
				SKIP_INSTALL = YES;
				SWIFT_VERSION = 6.0;
			};
			name = Release;
		};
		2FA28FFB69A6F5AF8F2B44E0 /* Debug */ = {
			isa = XCBuildConfiguration;
			buildSettings = {
				COMBINE_HIDPI_IMAGES = YES;
				LD_RUNPATH_SEARCH_PATHS = (
					"$(inherited)",
					"@executable_path/../Frameworks",
				);
				PRODUCT_BUNDLE_IDENTIFIER = com.abracode.actionui.ActionUIChatOpenAI;
				PRODUCT_MODULE_NAME = ActionUIChatOpenAI;
				SDKROOT = macosx;
				SKIP_INSTALL = YES;
				SWIFT_VERSION = 6.0;
			};
			name = Debug;
		};
		3CD144D2D976CC8EA4BFAA67 /* Debug */ = {
			isa = XCBuildConfiguration;
			buildSettings = {
				COMBINE_HIDPI_IMAGES = YES;
				LD_RUNPATH_SEARCH_PATHS = (
					"$(inherited)",
					"@executable_path/../Frameworks",
				);
				PRODUCT_BUNDLE_IDENTIFIER = com.abracode.actionui.ActionUIChatACP;
				PRODUCT_MODULE_NAME = ActionUIChatACP;
				SDKROOT = macosx;
				SKIP_INSTALL = YES;
				SWIFT_VERSION = 6.0;
			};
			name = Debug;
		};
		5548A66F793FA9D582ED8D83 /* Debug */ = {
			isa = XCBuildConfiguration;
			buildSettings = {
				COMBINE_HIDPI_IMAGES = YES;
				LD_RUNPATH_SEARCH_PATHS = (
					"$(inherited)",
					"@executable_path/../Frameworks",
				);
				PRODUCT_BUNDLE_IDENTIFIER = com.abracode.actionui.ActionUIChat;
				PRODUCT_MODULE_NAME = ActionUIChat;
				SDKROOT = macosx;
				SKIP_INSTALL = YES;
				SWIFT_VERSION = 6.0;
			};
			name = Debug;
		};
		580370B523FCDD93DFF14342 /* Release */ = {
			isa = XCBuildConfiguration;
			buildSettings = {
				COMBINE_HIDPI_IMAGES = YES;
				LD_RUNPATH_SEARCH_PATHS = (
					"$(inherited)",
					"@executable_path/../Frameworks",
				);
				PRODUCT_BUNDLE_IDENTIFIER = com.abracode.actionui.ActionUIChatACP;
				PRODUCT_MODULE_NAME = ActionUIChatACP;
				SDKROOT = macosx;
				SKIP_INSTALL = YES;
				SWIFT_VERSION = 6.0;
			};
			name = Release;
		};
		8BE55905AB2520826C56CBFD /* Release */ = {
			isa = XCBuildConfiguration;
			buildSettings = {
				ALWAYS_SEARCH_USER_PATHS = NO;
				CLANG_ANALYZER_NONNULL = YES;
				CLANG_ANALYZER_NUMBER_OBJECT_CONVERSION = YES_AGGRESSIVE;
				CLANG_CXX_LANGUAGE_STANDARD = "gnu++14";
				CLANG_CXX_LIBRARY = "libc++";
				CLANG_ENABLE_MODULES = YES;
				CLANG_ENABLE_OBJC_ARC = YES;
				CLANG_ENABLE_OBJC_WEAK = YES;
				CLANG_WARN_BLOCK_CAPTURE_AUTORELEASING = YES;
				CLANG_WARN_BOOL_CONVERSION = YES;
				CLANG_WARN_COMMA = YES;
				CLANG_WARN_CONSTANT_CONVERSION = YES;
				CLANG_WARN_DEPRECATED_OBJC_IMPLEMENTATIONS = YES;
				CLANG_WARN_DIRECT_OBJC_ISA_USAGE = YES_ERROR;
				CLANG_WARN_DOCUMENTATION_COMMENTS = YES;
				CLANG_WARN_EMPTY_BODY = YES;
				CLANG_WARN_ENUM_CONVERSION = YES;
				CLANG_WARN_INFINITE_RECURSION = YES;
				CLANG_WARN_INT_CONVERSION = YES;
				CLANG_WARN_NON_LITERAL_NULL_CONVERSION = YES;
				CLANG_WARN_OBJC_IMPLICIT_RETAIN_SELF = YES;
				CLANG_WARN_OBJC_LITERAL_CONVERSION = YES;
				CLANG_WARN_OBJC_ROOT_CLASS = YES_ERROR;
				CLANG_WARN_QUOTED_INCLUDE_IN_FRAMEWORK_HEADER = YES;
				CLANG_WARN_RANGE_LOOP_ANALYSIS = YES;
				CLANG_WARN_STRICT_PROTOTYPES = YES;
				CLANG_WARN_SUSPICIOUS_MOVE = YES;
				CLANG_WARN_UNGUARDED_AVAILABILITY = YES_AGGRESSIVE;
				CLANG_WARN_UNREACHABLE_CODE = YES;
				CLANG_WARN__DUPLICATE_METHOD_MATCH = YES;
				COPY_PHASE_STRIP = NO;
				DEBUG_INFORMATION_FORMAT = "dwarf-with-dsym";
				ENABLE_NS_ASSERTIONS = NO;
				ENABLE_STRICT_OBJC_MSGSEND = YES;
				GCC_C_LANGUAGE_STANDARD = gnu11;
				GCC_NO_COMMON_BLOCKS = YES;
				GCC_WARN_64_TO_32_BIT_CONVERSION = YES;
				GCC_WARN_ABOUT_RETURN_TYPE = YES_ERROR;
				GCC_WARN_UNDECLARED_SELECTOR = YES;
				GCC_WARN_UNINITIALIZED_AUTOS = YES_AGGRESSIVE;
				GCC_WARN_UNUSED_FUNCTION = YES;
				GCC_WARN_UNUSED_VARIABLE = YES;
				MACOSX_DEPLOYMENT_TARGET = 14.6;
				MTL_ENABLE_DEBUG_INFO = NO;
				MTL_FAST_MATH = YES;
				PRODUCT_NAME = "$(TARGET_NAME)";
				SDKROOT = macosx;
				SWIFT_COMPILATION_MODE = wholemodule;
				SWIFT_OPTIMIZATION_LEVEL = "-O";
				SWIFT_VERSION = 5.0;
			};
			name = Release;
		};
		8CF43BC7822E4D4F7370C697 /* Debug */ = {
			isa = XCBuildConfiguration;
			buildSettings = {
				ALWAYS_SEARCH_USER_PATHS = NO;
				CLANG_ANALYZER_NONNULL = YES;
				CLANG_ANALYZER_NUMBER_OBJECT_CONVERSION = YES_AGGRESSIVE;
				CLANG_CXX_LANGUAGE_STANDARD = "gnu++14";
				CLANG_CXX_LIBRARY = "libc++";
				CLANG_ENABLE_MODULES = YES;
				CLANG_ENABLE_OBJC_ARC = YES;
				CLANG_ENABLE_OBJC_WEAK = YES;
				CLANG_WARN_BLOCK_CAPTURE_AUTORELEASING = YES;
				CLANG_WARN_BOOL_CONVERSION = YES;
				CLANG_WARN_COMMA = YES;
				CLANG_WARN_CONSTANT_CONVERSION = YES;
				CLANG_WARN_DEPRECATED_OBJC_IMPLEMENTATIONS = YES;
				CLANG_WARN_DIRECT_OBJC_ISA_USAGE = YES_ERROR;
				CLANG_WARN_DOCUMENTATION_COMMENTS = YES;
				CLANG_WARN_EMPTY_BODY = YES;
				CLANG_WARN_ENUM_CONVERSION = YES;
				CLANG_WARN_INFINITE_RECURSION = YES;
				CLANG_WARN_INT_CONVERSION = YES;
				CLANG_WARN_NON_LITERAL_NULL_CONVERSION = YES;
				CLANG_WARN_OBJC_IMPLICIT_RETAIN_SELF = YES;
				CLANG_WARN_OBJC_LITERAL_CONVERSION = YES;
				CLANG_WARN_OBJC_ROOT_CLASS = YES_ERROR;
				CLANG_WARN_QUOTED_INCLUDE_IN_FRAMEWORK_HEADER = YES;
				CLANG_WARN_RANGE_LOOP_ANALYSIS = YES;
				CLANG_WARN_STRICT_PROTOTYPES = YES;
				CLANG_WARN_SUSPICIOUS_MOVE = YES;
				CLANG_WARN_UNGUARDED_AVAILABILITY = YES_AGGRESSIVE;
				CLANG_WARN_UNREACHABLE_CODE = YES;
				CLANG_WARN__DUPLICATE_METHOD_MATCH = YES;
				COPY_PHASE_STRIP = NO;
				DEBUG_INFORMATION_FORMAT = dwarf;
				ENABLE_STRICT_OBJC_MSGSEND = YES;
				ENABLE_TESTABILITY = YES;
				GCC_C_LANGUAGE_STANDARD = gnu11;
				GCC_DYNAMIC_NO_PIC = NO;
				GCC_NO_COMMON_BLOCKS = YES;
				GCC_OPTIMIZATION_LEVEL = 0;
				GCC_PREPROCESSOR_DEFINITIONS = (
					"$(inherited)",
					"DEBUG=1",
				);
				GCC_WARN_64_TO_32_BIT_CONVERSION = YES;
				GCC_WARN_ABOUT_RETURN_TYPE = YES_ERROR;
				GCC_WARN_UNDECLARED_SELECTOR = YES;
				GCC_WARN_UNINITIALIZED_AUTOS = YES_AGGRESSIVE;
				GCC_WARN_UNUSED_FUNCTION = YES;
				GCC_WARN_UNUSED_VARIABLE = YES;
				MACOSX_DEPLOYMENT_TARGET = 14.6;
				MTL_ENABLE_DEBUG_INFO = INCLUDE_SOURCE;
				MTL_FAST_MATH = YES;
				ONLY_ACTIVE_ARCH = YES;
				PRODUCT_NAME = "$(TARGET_NAME)";
				SDKROOT = macosx;
				SWIFT_ACTIVE_COMPILATION_CONDITIONS = DEBUG;
				SWIFT_OPTIMIZATION_LEVEL = "-Onone";
				SWIFT_VERSION = 5.0;
			};
			name = Debug;
		};
		D070699B73852095D7BDA9E6 /* Release */ = {
			isa = XCBuildConfiguration;
			buildSettings = {
				COMBINE_HIDPI_IMAGES = YES;
				LD_RUNPATH_SEARCH_PATHS = (
					"$(inherited)",
					"@executable_path/../Frameworks",
				);
				PRODUCT_BUNDLE_IDENTIFIER = com.abracode.actionui.ActionUIChatCore;
				PRODUCT_MODULE_NAME = ActionUIChatCore;
				SDKROOT = macosx;
				SKIP_INSTALL = YES;
				SWIFT_VERSION = 6.0;
			};
			name = Release;
		};
/* End XCBuildConfiguration section */

/* Begin XCConfigurationList section */
		32777EF1B01E794A22220726 /* Build configuration list for PBXNativeTarget "ActionUIChatOpenAI" */ = {
			isa = XCConfigurationList;
			buildConfigurations = (
				2FA28FFB69A6F5AF8F2B44E0 /* Debug */,
				1E4A65A303961A0DC976ABB5 /* Release */,
			);
			defaultConfigurationIsVisible = 0;
			defaultConfigurationName = Debug;
		};
		5D8C0C871158ED3CE2343A2F /* Build configuration list for PBXNativeTarget "ActionUIChatACP" */ = {
			isa = XCConfigurationList;
			buildConfigurations = (
				3CD144D2D976CC8EA4BFAA67 /* Debug */,
				580370B523FCDD93DFF14342 /* Release */,
			);
			defaultConfigurationIsVisible = 0;
			defaultConfigurationName = Debug;
		};
		B60E156CAA1F661EB8F44961 /* Build configuration list for PBXNativeTarget "ActionUIChatCore" */ = {
			isa = XCConfigurationList;
			buildConfigurations = (
				01204771F910F56E2DA26DD9 /* Debug */,
				D070699B73852095D7BDA9E6 /* Release */,
			);
			defaultConfigurationIsVisible = 0;
			defaultConfigurationName = Debug;
		};
		C23E755863B7F3464500D216 /* Build configuration list for PBXProject "ActionUIChat" */ = {
			isa = XCConfigurationList;
			buildConfigurations = (
				8CF43BC7822E4D4F7370C697 /* Debug */,
				8BE55905AB2520826C56CBFD /* Release */,
			);
			defaultConfigurationIsVisible = 0;
			defaultConfigurationName = Debug;
		};
		F8FE6EFBD43ACDD4DA2B2575 /* Build configuration list for PBXNativeTarget "ActionUIChat" */ = {
			isa = XCConfigurationList;
			buildConfigurations = (
				5548A66F793FA9D582ED8D83 /* Debug */,
				24F635E745E955236256A888 /* Release */,
			);
			defaultConfigurationIsVisible = 0;
			defaultConfigurationName = Debug;
		};
/* End XCConfigurationList section */

/* Begin XCLocalSwiftPackageReference section */
		CC8FC57848AC9B40A3CE44A7 /* XCLocalSwiftPackageReference "../.." */ = {
			isa = XCLocalSwiftPackageReference;
			relativePath = ../..;
		};
/* End XCLocalSwiftPackageReference section */

/* Begin XCRemoteSwiftPackageReference section */
		3F8836FC5015EC6EB82510B0 /* XCRemoteSwiftPackageReference "ChatView" */ = {
			isa = XCRemoteSwiftPackageReference;
			repositoryURL = "https://github.com/abra-code/ChatView";
			requirement = {
				kind = upToNextMajorVersion;
				minimumVersion = 0.2.4;
			};
		};
/* End XCRemoteSwiftPackageReference section */

/* Begin XCSwiftPackageProductDependency section */
		"TEMP_28F06C75-3C5E-42D2-93DB-65C1E1FBA79A" /* ChatViewOpenAI */ = {
			isa = XCSwiftPackageProductDependency;
			package = 3F8836FC5015EC6EB82510B0 /* XCRemoteSwiftPackageReference "ChatView" */;
			productName = ChatViewOpenAI;
		};
		"TEMP_98488B9B-3402-415E-84A9-93CFC9AB7910" /* ChatView */ = {
			isa = XCSwiftPackageProductDependency;
			package = 3F8836FC5015EC6EB82510B0 /* XCRemoteSwiftPackageReference "ChatView" */;
			productName = ChatView;
		};
		"TEMP_CADA4B17-9564-4A82-902B-74AECDC54506" /* ChatViewACP */ = {
			isa = XCSwiftPackageProductDependency;
			package = 3F8836FC5015EC6EB82510B0 /* XCRemoteSwiftPackageReference "ChatView" */;
			productName = ChatViewACP;
		};
		"TEMP_F9DF104F-1CF1-405A-BA8E-7CBA9D0B5F1C" /* ActionUI */ = {
			isa = XCSwiftPackageProductDependency;
			productName = ActionUI;
		};
/* End XCSwiftPackageProductDependency section */
	};
	rootObject = 5970A30245C1C30C9A196103 /* Project object */;
}
