// !$*UTF8*$!
{
	archiveVersion = 1;
	classes = {
	};
	objectVersion = 77;
	objects = {

/* Begin PBXBuildFile section */
		3818851E25535D32BEA4BAD2 /* ActionUIChat.swift in Sources */ = {isa = PBXBuildFile; fileRef = A80A1D080CAB7B914209A997 /* ActionUIChat.swift */; };
		5DD4DCEB322F4EAEE23D1FB9 /* ChatStore.swift in Sources */ = {isa = PBXBuildFile; fileRef = F5C1A8CAAD463D51D26C9A2E /* ChatStore.swift */; };
		A18F6344E67AA8ECCD11CD95 /* ChatModel.swift in Sources */ = {isa = PBXBuildFile; fileRef = 022DB8C271CFDB5F3BB7D4C2 /* ChatModel.swift */; };
		A41CC4FC9437B5C460CDE829 /* ChatConfig.swift in Sources */ = {isa = PBXBuildFile; fileRef = 6DCF2311C38070EAA0A69F3F /* ChatConfig.swift */; };
		BAAB83150041F63A1640F5DF /* ChatRootView.swift in Sources */ = {isa = PBXBuildFile; fileRef = AA8DB77067E1E05D822BFF16 /* ChatRootView.swift */; };
		C9A37BAFCB7317AE05FA0157 /* ChatTransport.swift in Sources */ = {isa = PBXBuildFile; fileRef = 34F00C14577A20DA897EE182 /* ChatTransport.swift */; };
		DA410A028785B7544150E2AF /* Chat.swift in Sources */ = {isa = PBXBuildFile; fileRef = D9E7A3981A791C2E16D38C86 /* Chat.swift */; };
/* End PBXBuildFile section */

/* Begin PBXFileReference section */
		022DB8C271CFDB5F3BB7D4C2 /* ChatModel.swift */ = {isa = PBXFileReference; lastKnownFileType = sourcecode.swift; path = ChatModel.swift; sourceTree = "<group>"; };
		34F00C14577A20DA897EE182 /* ChatTransport.swift */ = {isa = PBXFileReference; lastKnownFileType = sourcecode.swift; path = ChatTransport.swift; sourceTree = "<group>"; };
		6DCF2311C38070EAA0A69F3F /* ChatConfig.swift */ = {isa = PBXFileReference; lastKnownFileType = sourcecode.swift; path = ChatConfig.swift; sourceTree = "<group>"; };
		A80A1D080CAB7B914209A997 /* ActionUIChat.swift */ = {isa = PBXFileReference; lastKnownFileType = sourcecode.swift; path = ActionUIChat.swift; sourceTree = "<group>"; };
		AA8DB77067E1E05D822BFF16 /* ChatRootView.swift */ = {isa = PBXFileReference; lastKnownFileType = sourcecode.swift; path = ChatRootView.swift; sourceTree = "<group>"; };
		D9E7A3981A791C2E16D38C86 /* Chat.swift */ = {isa = PBXFileReference; lastKnownFileType = sourcecode.swift; path = Chat.swift; sourceTree = "<group>"; };
		E2D0D3682609D260E1B85415 /* ActionUI */ = {isa = PBXFileReference; lastKnownFileType = folder; name = ActionUI; path = ../..; sourceTree = SOURCE_ROOT; };
		E4DDC1726E109B2537F13C6F /* libActionUIChat.a */ = {isa = PBXFileReference; explicitFileType = archive.ar; includeInIndex = 0; path = libActionUIChat.a; sourceTree = BUILT_PRODUCTS_DIR; };
		F5C1A8CAAD463D51D26C9A2E /* ChatStore.swift */ = {isa = PBXFileReference; lastKnownFileType = sourcecode.swift; path = ChatStore.swift; sourceTree = "<group>"; };
/* End PBXFileReference section */

/* Begin PBXGroup section */
		42F660AD6FAA551C77B55ABF /* Products */ = {
			isa = PBXGroup;
			children = (
				E4DDC1726E109B2537F13C6F /* libActionUIChat.a */,
			);
			name = Products;
			sourceTree = "<group>";
		};
		4B95F463685A44343159AE1F /* Sources */ = {
			isa = PBXGroup;
			children = (
				A80A1D080CAB7B914209A997 /* ActionUIChat.swift */,
				D9E7A3981A791C2E16D38C86 /* Chat.swift */,
				6DCF2311C38070EAA0A69F3F /* ChatConfig.swift */,
				022DB8C271CFDB5F3BB7D4C2 /* ChatModel.swift */,
				AA8DB77067E1E05D822BFF16 /* ChatRootView.swift */,
				F5C1A8CAAD463D51D26C9A2E /* ChatStore.swift */,
				34F00C14577A20DA897EE182 /* ChatTransport.swift */,
			);
			path = Sources;
			sourceTree = "<group>";
		};
		C38FF8FB955EF9C75D0C023B /* Packages */ = {
			isa = PBXGroup;
			children = (
				E2D0D3682609D260E1B85415 /* ActionUI */,
			);
			name = Packages;
			sourceTree = "<group>";
		};
		E34C486BCF946F55FDB7E33E = {
			isa = PBXGroup;
			children = (
				C38FF8FB955EF9C75D0C023B /* Packages */,
				4B95F463685A44343159AE1F /* Sources */,
				42F660AD6FAA551C77B55ABF /* Products */,
			);
			sourceTree = "<group>";
		};
/* End PBXGroup section */

/* Begin PBXNativeTarget section */
		CBC2B5E3C21162ADCA96B481 /* ActionUIChat */ = {
			isa = PBXNativeTarget;
			buildConfigurationList = F8FE6EFBD43ACDD4DA2B2575 /* Build configuration list for PBXNativeTarget "ActionUIChat" */;
			buildPhases = (
				2C59489ADBA030D54129C310 /* Sources */,
				58CA52B34476FAED03836567 /* Copy Swift Objective-C Interface Header */,
			);
			buildRules = (
			);
			dependencies = (
				6CDC52E004A2C33D03373399 /* PBXTargetDependency */,
			);
			name = ActionUIChat;
			packageProductDependencies = (
			);
			productName = ActionUIChat;
			productReference = E4DDC1726E109B2537F13C6F /* libActionUIChat.a */;
			productType = "com.apple.product-type.library.static";
		};
/* End PBXNativeTarget section */

/* Begin PBXProject section */
		5970A30245C1C30C9A196103 /* Project object */ = {
			isa = PBXProject;
			attributes = {
				BuildIndependentTargetsInParallel = YES;
				LastUpgradeCheck = 1430;
				TargetAttributes = {
				};
			};
			buildConfigurationList = C23E755863B7F3464500D216 /* Build configuration list for PBXProject "ActionUIChat" */;
			developmentRegion = en;
			hasScannedForEncodings = 0;
			knownRegions = (
				Base,
				en,
			);
			mainGroup = E34C486BCF946F55FDB7E33E;
			minimizedProjectReferenceProxies = 1;
			packageReferences = (
				CC8FC57848AC9B40A3CE44A7 /* XCLocalSwiftPackageReference "../.." */,
			);
			preferredProjectObjectVersion = 77;
			productRefGroup = 42F660AD6FAA551C77B55ABF /* Products */;
			projectDirPath = "";
			projectRoot = "";
			targets = (
				CBC2B5E3C21162ADCA96B481 /* ActionUIChat */,
			);
		};
/* End PBXProject section */

/* Begin PBXShellScriptBuildPhase section */
		58CA52B34476FAED03836567 /* Copy Swift Objective-C Interface Header */ = {
			isa = PBXShellScriptBuildPhase;
			buildActionMask = 2147483647;
			files = (
			);
			inputPaths = (
				"$(DERIVED_SOURCES_DIR)/$(SWIFT_OBJC_INTERFACE_HEADER_NAME)",
			);
			name = "Copy Swift Objective-C Interface Header";
			outputPaths = (
				"$(BUILT_PRODUCTS_DIR)/include/$(PRODUCT_MODULE_NAME)/$(SWIFT_OBJC_INTERFACE_HEADER_NAME)",
			);
			runOnlyForDeploymentPostprocessing = 0;
			shellPath = /bin/sh;
			shellScript = "ditto \"${SCRIPT_INPUT_FILE_0}\" \"${SCRIPT_OUTPUT_FILE_0}\"\n";
		};
/* End PBXShellScriptBuildPhase section */

/* Begin PBXSourcesBuildPhase section */
		2C59489ADBA030D54129C310 /* Sources */ = {
			isa = PBXSourcesBuildPhase;
			buildActionMask = 2147483647;
			files = (
				3818851E25535D32BEA4BAD2 /* ActionUIChat.swift in Sources */,
				DA410A028785B7544150E2AF /* Chat.swift in Sources */,
				A41CC4FC9437B5C460CDE829 /* ChatConfig.swift in Sources */,
				A18F6344E67AA8ECCD11CD95 /* ChatModel.swift in Sources */,
				BAAB83150041F63A1640F5DF /* ChatRootView.swift in Sources */,
				5DD4DCEB322F4EAEE23D1FB9 /* ChatStore.swift in Sources */,
				C9A37BAFCB7317AE05FA0157 /* ChatTransport.swift in Sources */,
			);
			runOnlyForDeploymentPostprocessing = 0;
		};
/* End PBXSourcesBuildPhase section */

/* Begin PBXTargetDependency section */
		6CDC52E004A2C33D03373399 /* PBXTargetDependency */ = {
			isa = PBXTargetDependency;
			productRef = "TEMP_D0D14FE1-C39E-48EC-93A9-DD5A92749419" /* ActionUI */;
		};
/* End PBXTargetDependency section */

/* Begin XCBuildConfiguration section */
		24F635E745E955236256A888 /* Release */ = {
			isa = XCBuildConfiguration;
			buildSettings = {
				COMBINE_HIDPI_IMAGES = YES;
				LD_RUNPATH_SEARCH_PATHS = (
					"$(inherited)",
					"@executable_path/../Frameworks",
				);
				PRODUCT_BUNDLE_IDENTIFIER = com.abracode.actionui.ActionUIChat;
				PRODUCT_MODULE_NAME = ActionUIChat;
				SDKROOT = macosx;
				SKIP_INSTALL = YES;
				SWIFT_VERSION = 6.0;
			};
			name = Release;
		};
		5548A66F793FA9D582ED8D83 /* Debug */ = {
			isa = XCBuildConfiguration;
			buildSettings = {
				COMBINE_HIDPI_IMAGES = YES;
				LD_RUNPATH_SEARCH_PATHS = (
					"$(inherited)",
					"@executable_path/../Frameworks",
				);
				PRODUCT_BUNDLE_IDENTIFIER = com.abracode.actionui.ActionUIChat;
				PRODUCT_MODULE_NAME = ActionUIChat;
				SDKROOT = macosx;
				SKIP_INSTALL = YES;
				SWIFT_VERSION = 6.0;
			};
			name = Debug;
		};
		8BE55905AB2520826C56CBFD /* Release */ = {
			isa = XCBuildConfiguration;
			buildSettings = {
				ALWAYS_SEARCH_USER_PATHS = NO;
				CLANG_ANALYZER_NONNULL = YES;
				CLANG_ANALYZER_NUMBER_OBJECT_CONVERSION = YES_AGGRESSIVE;
				CLANG_CXX_LANGUAGE_STANDARD = "gnu++14";
				CLANG_CXX_LIBRARY = "libc++";
				CLANG_ENABLE_MODULES = YES;
				CLANG_ENABLE_OBJC_ARC = YES;
				CLANG_ENABLE_OBJC_WEAK = YES;
				CLANG_WARN_BLOCK_CAPTURE_AUTORELEASING = YES;
				CLANG_WARN_BOOL_CONVERSION = YES;
				CLANG_WARN_COMMA = YES;
				CLANG_WARN_CONSTANT_CONVERSION = YES;
				CLANG_WARN_DEPRECATED_OBJC_IMPLEMENTATIONS = YES;
				CLANG_WARN_DIRECT_OBJC_ISA_USAGE = YES_ERROR;
				CLANG_WARN_DOCUMENTATION_COMMENTS = YES;
				CLANG_WARN_EMPTY_BODY = YES;
				CLANG_WARN_ENUM_CONVERSION = YES;
				CLANG_WARN_INFINITE_RECURSION = YES;
				CLANG_WARN_INT_CONVERSION = YES;
				CLANG_WARN_NON_LITERAL_NULL_CONVERSION = YES;
				CLANG_WARN_OBJC_IMPLICIT_RETAIN_SELF = YES;
				CLANG_WARN_OBJC_LITERAL_CONVERSION = YES;
				CLANG_WARN_OBJC_ROOT_CLASS = YES_ERROR;
				CLANG_WARN_QUOTED_INCLUDE_IN_FRAMEWORK_HEADER = YES;
				CLANG_WARN_RANGE_LOOP_ANALYSIS = YES;
				CLANG_WARN_STRICT_PROTOTYPES = YES;
				CLANG_WARN_SUSPICIOUS_MOVE = YES;
				CLANG_WARN_UNGUARDED_AVAILABILITY = YES_AGGRESSIVE;
				CLANG_WARN_UNREACHABLE_CODE = YES;
				CLANG_WARN__DUPLICATE_METHOD_MATCH = YES;
				COPY_PHASE_STRIP = NO;
				DEBUG_INFORMATION_FORMAT = "dwarf-with-dsym";
				ENABLE_NS_ASSERTIONS = NO;
				ENABLE_STRICT_OBJC_MSGSEND = YES;
				GCC_C_LANGUAGE_STANDARD = gnu11;
				GCC_NO_COMMON_BLOCKS = YES;
				GCC_WARN_64_TO_32_BIT_CONVERSION = YES;
				GCC_WARN_ABOUT_RETURN_TYPE = YES_ERROR;
				GCC_WARN_UNDECLARED_SELECTOR = YES;
				GCC_WARN_UNINITIALIZED_AUTOS = YES_AGGRESSIVE;
				GCC_WARN_UNUSED_FUNCTION = YES;
				GCC_WARN_UNUSED_VARIABLE = YES;
				MACOSX_DEPLOYMENT_TARGET = 14.6;
				MTL_ENABLE_DEBUG_INFO = NO;
				MTL_FAST_MATH = YES;
				PRODUCT_NAME = "$(TARGET_NAME)";
				SDKROOT = macosx;
				SWIFT_COMPILATION_MODE = wholemodule;
				SWIFT_OPTIMIZATION_LEVEL = "-O";
				SWIFT_VERSION = 5.0;
			};
			name = Release;
		};
		8CF43BC7822E4D4F7370C697 /* Debug */ = {
			isa = XCBuildConfiguration;
			buildSettings = {
				ALWAYS_SEARCH_USER_PATHS = NO;
				CLANG_ANALYZER_NONNULL = YES;
				CLANG_ANALYZER_NUMBER_OBJECT_CONVERSION = YES_AGGRESSIVE;
				CLANG_CXX_LANGUAGE_STANDARD = "gnu++14";
				CLANG_CXX_LIBRARY = "libc++";
				CLANG_ENABLE_MODULES = YES;
				CLANG_ENABLE_OBJC_ARC = YES;
				CLANG_ENABLE_OBJC_WEAK = YES;
				CLANG_WARN_BLOCK_CAPTURE_AUTORELEASING = YES;
				CLANG_WARN_BOOL_CONVERSION = YES;
				CLANG_WARN_COMMA = YES;
				CLANG_WARN_CONSTANT_CONVERSION = YES;
				CLANG_WARN_DEPRECATED_OBJC_IMPLEMENTATIONS = YES;
				CLANG_WARN_DIRECT_OBJC_ISA_USAGE = YES_ERROR;
				CLANG_WARN_DOCUMENTATION_COMMENTS = YES;
				CLANG_WARN_EMPTY_BODY = YES;
				CLANG_WARN_ENUM_CONVERSION = YES;
				CLANG_WARN_INFINITE_RECURSION = YES;
				CLANG_WARN_INT_CONVERSION = YES;
				CLANG_WARN_NON_LITERAL_NULL_CONVERSION = YES;
				CLANG_WARN_OBJC_IMPLICIT_RETAIN_SELF = YES;
				CLANG_WARN_OBJC_LITERAL_CONVERSION = YES;
				CLANG_WARN_OBJC_ROOT_CLASS = YES_ERROR;
				CLANG_WARN_QUOTED_INCLUDE_IN_FRAMEWORK_HEADER = YES;
				CLANG_WARN_RANGE_LOOP_ANALYSIS = YES;
				CLANG_WARN_STRICT_PROTOTYPES = YES;
				CLANG_WARN_SUSPICIOUS_MOVE = YES;
				CLANG_WARN_UNGUARDED_AVAILABILITY = YES_AGGRESSIVE;
				CLANG_WARN_UNREACHABLE_CODE = YES;
				CLANG_WARN__DUPLICATE_METHOD_MATCH = YES;
				COPY_PHASE_STRIP = NO;
				DEBUG_INFORMATION_FORMAT = dwarf;
				ENABLE_STRICT_OBJC_MSGSEND = YES;
				ENABLE_TESTABILITY = YES;
				GCC_C_LANGUAGE_STANDARD = gnu11;
				GCC_DYNAMIC_NO_PIC = NO;
				GCC_NO_COMMON_BLOCKS = YES;
				GCC_OPTIMIZATION_LEVEL = 0;
				GCC_PREPROCESSOR_DEFINITIONS = (
					"$(inherited)",
					"DEBUG=1",
				);
				GCC_WARN_64_TO_32_BIT_CONVERSION = YES;
				GCC_WARN_ABOUT_RETURN_TYPE = YES_ERROR;
				GCC_WARN_UNDECLARED_SELECTOR = YES;
				GCC_WARN_UNINITIALIZED_AUTOS = YES_AGGRESSIVE;
				GCC_WARN_UNUSED_FUNCTION = YES;
				GCC_WARN_UNUSED_VARIABLE = YES;
				MACOSX_DEPLOYMENT_TARGET = 14.6;
				MTL_ENABLE_DEBUG_INFO = INCLUDE_SOURCE;
				MTL_FAST_MATH = YES;
				ONLY_ACTIVE_ARCH = YES;
				PRODUCT_NAME = "$(TARGET_NAME)";
				SDKROOT = macosx;
				SWIFT_ACTIVE_COMPILATION_CONDITIONS = DEBUG;
				SWIFT_OPTIMIZATION_LEVEL = "-Onone";
				SWIFT_VERSION = 5.0;
			};
			name = Debug;
		};
/* End XCBuildConfiguration section */

/* Begin XCConfigurationList section */
		C23E755863B7F3464500D216 /* Build configuration list for PBXProject "ActionUIChat" */ = {
			isa = XCConfigurationList;
			buildConfigurations = (
				8CF43BC7822E4D4F7370C697 /* Debug */,
				8BE55905AB2520826C56CBFD /* Release */,
			);
			defaultConfigurationIsVisible = 0;
			defaultConfigurationName = Debug;
		};
		F8FE6EFBD43ACDD4DA2B2575 /* Build configuration list for PBXNativeTarget "ActionUIChat" */ = {
			isa = XCConfigurationList;
			buildConfigurations = (
				5548A66F793FA9D582ED8D83 /* Debug */,
				24F635E745E955236256A888 /* Release */,
			);
			defaultConfigurationIsVisible = 0;
			defaultConfigurationName = Debug;
		};
/* End XCConfigurationList section */

/* Begin XCLocalSwiftPackageReference section */
		CC8FC57848AC9B40A3CE44A7 /* XCLocalSwiftPackageReference "../.." */ = {
			isa = XCLocalSwiftPackageReference;
			relativePath = ../..;
		};
/* End XCLocalSwiftPackageReference section */

/* Begin XCSwiftPackageProductDependency section */
		"TEMP_D0D14FE1-C39E-48EC-93A9-DD5A92749419" /* ActionUI */ = {
			isa = XCSwiftPackageProductDependency;
			productName = ActionUI;
		};
/* End XCSwiftPackageProductDependency section */
	};
	rootObject = 5970A30245C1C30C9A196103 /* Project object */;
}
