{
  "originHash" : "0d966d0f836d4cd08214235da804a8bf12be64003b088ec654e94be9fd6a1ebd",
  "pins" : [
    {
      "identity" : "asyncimagecache",
      "kind" : "remoteSourceControl",
      "location" : "https://github.com/abra-code/AsyncImageCache",
      "state" : {
        "revision" : "cb3655e4ef60c7b24a74a95a789d9b79c37e600c",
        "version" : "0.1.0"
      }
    },
    {
      "identity" : "chatview",
      "kind" : "remoteSourceControl",
      "location" : "https://github.com/abra-code/ChatView",
      "state" : {
        "revision" : "9043ea2df56933fbcec1cde06249a2bd49fd6b81",
        "version" : "0.6.3"
      }
    },
    {
      "identity" : "diffview",
      "kind" : "remoteSourceControl",
      "location" : "https://github.com/abra-code/DiffView",
      "state" : {
        "revision" : "8a7a956dd95e83437f656c514b67faec80558111",
        "version" : "0.1.0"
      }
    },
    {
      "identity" : "richtext",
      "kind" : "remoteSourceControl",
      "location" : "https://github.com/abra-code/RichText",
      "state" : {
        "revision" : "6257b1a7995d6a9f3fd7a095cc7fa04651f6edcc",
        "version" : "0.2.5"
      }
    }
  ],
  "version" : 3
}
