{
  "originHash" : "0d966d0f836d4cd08214235da804a8bf12be64003b088ec654e94be9fd6a1ebd",
  "pins" : [
    {
      "identity" : "asyncimagecache",
      "kind" : "remoteSourceControl",
      "location" : "https://github.com/abra-code/AsyncImageCache",
      "state" : {
        "revision" : "cb3655e4ef60c7b24a74a95a789d9b79c37e600c",
        "version" : "0.1.0"
      }
    },
    {
      "identity" : "chatview",
      "kind" : "remoteSourceControl",
      "location" : "https://github.com/abra-code/ChatView",
      "state" : {
        "revision" : "8f86cd1a6c7cf5732aa9d2db477967bbbbb3f472",
        "version" : "0.6.2"
      }
    },
    {
      "identity" : "diffview",
      "kind" : "remoteSourceControl",
      "location" : "https://github.com/abra-code/DiffView",
      "state" : {
        "revision" : "8a7a956dd95e83437f656c514b67faec80558111",
        "version" : "0.1.0"
      }
    },
    {
      "identity" : "richtext",
      "kind" : "remoteSourceControl",
      "location" : "https://github.com/abra-code/RichText",
      "state" : {
        "revision" : "29b5008857aaf7a77e6120fd399d501ff290bbec",
        "version" : "0.2.3"
      }
    }
  ],
  "version" : 3
}
