// !$*UTF8*$!
{
	archiveVersion = 1;
	classes = {
	};
	objectVersion = 77;
	objects = {

/* Begin PBXBuildFile section */
		1D03F8F22E49EEC3004A42BB /* ActionUI.framework in Frameworks */ = {isa = PBXBuildFile; fileRef = 1D03F8E62E49EEC3004A42BB /* ActionUI.framework */; };
		1D03F97E2E49F69A004A42BB /* SwiftUI.framework in Frameworks */ = {isa = PBXBuildFile; fileRef = 1D03F97D2E49F69A004A42BB /* SwiftUI.framework */; };
		1D6DF6A42E6DB5F5002563AE /* ActionUI.framework in Frameworks */ = {isa = PBXBuildFile; fileRef = 1D03F8E62E49EEC3004A42BB /* ActionUI.framework */; };
		1D6DF6A52E6DB5F5002563AE /* ActionUI.framework in Embed Frameworks */ = {isa = PBXBuildFile; fileRef = 1D03F8E62E49EEC3004A42BB /* ActionUI.framework */; settings = {ATTRIBUTES = (CodeSignOnCopy, RemoveHeadersOnCopy, ); }; };
		1DD4E4302E8F3228001E0C83 /* ActionUISwiftAdapter.framework in Frameworks */ = {isa = PBXBuildFile; fileRef = 1DD4E4282E8F3228001E0C83 /* ActionUISwiftAdapter.framework */; };
		1DD4E4602E8FAB45001E0C83 /* ActionUIObjCAdapter.framework in Frameworks */ = {isa = PBXBuildFile; fileRef = 1DD4E43C2E8F9DF2001E0C83 /* ActionUIObjCAdapter.framework */; };
		1DD4E4612E8FAB49001E0C83 /* ActionUI.framework in Frameworks */ = {isa = PBXBuildFile; fileRef = 1D03F8E62E49EEC3004A42BB /* ActionUI.framework */; };
/* End PBXBuildFile section */

/* Begin PBXContainerItemProxy section */
		1D03F8F32E49EEC3004A42BB /* PBXContainerItemProxy */ = {
			isa = PBXContainerItemProxy;
			containerPortal = 1D03F8DD2E49EEC3004A42BB /* Project object */;
			proxyType = 1;
			remoteGlobalIDString = 1D03F8E52E49EEC3004A42BB;
			remoteInfo = ActionUI;
		};
		1D7ED26B2E92F3C7003BA8A7 /* PBXContainerItemProxy */ = {
			isa = PBXContainerItemProxy;
			containerPortal = 1D03F8DD2E49EEC3004A42BB /* Project object */;
			proxyType = 1;
			remoteGlobalIDString = 1D03F8E52E49EEC3004A42BB;
			remoteInfo = ActionUI;
		};
		1DB256042E6BADD000544C2F /* PBXContainerItemProxy */ = {
			isa = PBXContainerItemProxy;
			containerPortal = 1D03F8DD2E49EEC3004A42BB /* Project object */;
			proxyType = 1;
			remoteGlobalIDString = 1DB255EC2E6BADCE00544C2F;
			remoteInfo = ActionUITestApp;
		};
		1DB256192E6C236300544C2F /* PBXContainerItemProxy */ = {
			isa = PBXContainerItemProxy;
			containerPortal = 1D03F8DD2E49EEC3004A42BB /* Project object */;
			proxyType = 1;
			remoteGlobalIDString = 1D03F8E52E49EEC3004A42BB;
			remoteInfo = ActionUI;
		};
		1DD4E42E2E8F3228001E0C83 /* PBXContainerItemProxy */ = {
			isa = PBXContainerItemProxy;
			containerPortal = 1D03F8DD2E49EEC3004A42BB /* Project object */;
			proxyType = 1;
			remoteGlobalIDString = 1DD4E4272E8F3228001E0C83;
			remoteInfo = ActionUISwift;
		};
		1DD4E4352E8F3D9D001E0C83 /* PBXContainerItemProxy */ = {
			isa = PBXContainerItemProxy;
			containerPortal = 1D03F8DD2E49EEC3004A42BB /* Project object */;
			proxyType = 1;
			remoteGlobalIDString = 1D03F8E52E49EEC3004A42BB;
			remoteInfo = ActionUI;
		};
		1DD4E4422E8F9DF2001E0C83 /* PBXContainerItemProxy */ = {
			isa = PBXContainerItemProxy;
			containerPortal = 1D03F8DD2E49EEC3004A42BB /* Project object */;
			proxyType = 1;
			remoteGlobalIDString = 1DD4E43B2E8F9DF2001E0C83;
			remoteInfo = ActionUIObjCAdapter;
		};
		1DD4E4492E8FA6D8001E0C83 /* PBXContainerItemProxy */ = {
			isa = PBXContainerItemProxy;
			containerPortal = 1D03F8DD2E49EEC3004A42BB /* Project object */;
			proxyType = 1;
			remoteGlobalIDString = 1D03F8E52E49EEC3004A42BB;
			remoteInfo = ActionUI;
		};
		1DD4E45E2E8FAB31001E0C83 /* PBXContainerItemProxy */ = {
			isa = PBXContainerItemProxy;
			containerPortal = 1D03F8DD2E49EEC3004A42BB /* Project object */;
			proxyType = 1;
			remoteGlobalIDString = 1DD4E43B2E8F9DF2001E0C83;
			remoteInfo = ActionUIObjCAdapter;
		};
/* End PBXContainerItemProxy section */

/* Begin PBXCopyFilesBuildPhase section */
		1D6DF6A62E6DB5F5002563AE /* Embed Frameworks */ = {
			isa = PBXCopyFilesBuildPhase;
			buildActionMask = 2147483647;
			dstPath = "";
			dstSubfolderSpec = 10;
			files = (
				1D6DF6A52E6DB5F5002563AE /* ActionUI.framework in Embed Frameworks */,
			);
			name = "Embed Frameworks";
			runOnlyForDeploymentPostprocessing = 0;
		};
/* End PBXCopyFilesBuildPhase section */

/* Begin PBXFileReference section */
		1D03F8E62E49EEC3004A42BB /* ActionUI.framework */ = {isa = PBXFileReference; explicitFileType = wrapper.framework; includeInIndex = 0; path = ActionUI.framework; sourceTree = BUILT_PRODUCTS_DIR; };
		1D03F8F12E49EEC3004A42BB /* ActionUITests.xctest */ = {isa = PBXFileReference; explicitFileType = wrapper.cfbundle; includeInIndex = 0; path = ActionUITests.xctest; sourceTree = BUILT_PRODUCTS_DIR; };
		1D03F97D2E49F69A004A42BB /* SwiftUI.framework */ = {isa = PBXFileReference; lastKnownFileType = wrapper.framework; name = SwiftUI.framework; path = Platforms/iPhoneOS.platform/Developer/SDKs/iPhoneOS26.0.sdk/System/Library/Frameworks/SwiftUI.framework; sourceTree = DEVELOPER_DIR; };
		1D7ED2622E92F365003BA8A7 /* ActionUIJavaScriptAdapter.framework */ = {isa = PBXFileReference; explicitFileType = wrapper.framework; includeInIndex = 0; path = ActionUIJavaScriptAdapter.framework; sourceTree = BUILT_PRODUCTS_DIR; };
		1DB255ED2E6BADCE00544C2F /* ActionUITestApp.app */ = {isa = PBXFileReference; explicitFileType = wrapper.application; includeInIndex = 0; path = ActionUITestApp.app; sourceTree = BUILT_PRODUCTS_DIR; };
		1DB256032E6BADD000544C2F /* ActionUITestAppTests.xctest */ = {isa = PBXFileReference; explicitFileType = wrapper.cfbundle; includeInIndex = 0; path = ActionUITestAppTests.xctest; sourceTree = BUILT_PRODUCTS_DIR; };
		1DD4E4282E8F3228001E0C83 /* ActionUISwiftAdapter.framework */ = {isa = PBXFileReference; explicitFileType = wrapper.framework; includeInIndex = 0; path = ActionUISwiftAdapter.framework; sourceTree = BUILT_PRODUCTS_DIR; };
		1DD4E43C2E8F9DF2001E0C83 /* ActionUIObjCAdapter.framework */ = {isa = PBXFileReference; explicitFileType = wrapper.framework; includeInIndex = 0; path = ActionUIObjCAdapter.framework; sourceTree = BUILT_PRODUCTS_DIR; };
		1DD4E44F2E8FA9CA001E0C83 /* ActionUIObjCTestApp.app */ = {isa = PBXFileReference; explicitFileType = wrapper.application; includeInIndex = 0; path = ActionUIObjCTestApp.app; sourceTree = BUILT_PRODUCTS_DIR; };
/* End PBXFileReference section */

/* Begin PBXFileSystemSynchronizedBuildFileExceptionSet section */
		1D23D6292E8FB724003E84CD /* Exceptions for "ActionUIObjCTestApp" folder in "ActionUIObjCTestApp" target */ = {
			isa = PBXFileSystemSynchronizedBuildFileExceptionSet;
			membershipExceptions = (
				"Info-iOS.plist",
			);
			platformFiltersByRelativePath = {
				"/Localized: LaunchScreen.storyboard" = (ios, xros, );
				"/Localized: Main.storyboard" = (ios, xros, );
				"/Localized: MainMenu.xib" = (macos, );
				SceneDelegate.m = (ios, xros, );
				ViewController.m = (ios, xros, );
			};
			target = 1DD4E44E2E8FA9CA001E0C83 /* ActionUIObjCTestApp */;
		};
		1D6DF6BB2E739969002563AE /* Exceptions for "ActionUITestApp" folder in "ActionUITestApp" target */ = {
			isa = PBXFileSystemSynchronizedBuildFileExceptionSet;
			membershipExceptions = (
				ActionUITestApp.xctestplan,
			);
			target = 1DB255EC2E6BADCE00544C2F /* ActionUITestApp */;
		};
/* End PBXFileSystemSynchronizedBuildFileExceptionSet section */

/* Begin PBXFileSystemSynchronizedRootGroup section */
		1D03F8E82E49EEC3004A42BB /* ActionUI */ = {
			isa = PBXFileSystemSynchronizedRootGroup;
			path = ActionUI;
			sourceTree = "<group>";
		};
		1D03F8F52E49EEC3004A42BB /* ActionUITests */ = {
			isa = PBXFileSystemSynchronizedRootGroup;
			path = ActionUITests;
			sourceTree = "<group>";
		};
		1D7ED2632E92F365003BA8A7 /* ActionUIJavaScriptAdapter */ = {
			isa = PBXFileSystemSynchronizedRootGroup;
			path = ActionUIJavaScriptAdapter;
			sourceTree = "<group>";
		};
		1DB255EE2E6BADCE00544C2F /* ActionUITestApp */ = {
			isa = PBXFileSystemSynchronizedRootGroup;
			exceptions = (
				1D6DF6BB2E739969002563AE /* Exceptions for "ActionUITestApp" folder in "ActionUITestApp" target */,
			);
			path = ActionUITestApp;
			sourceTree = "<group>";
		};
		1DB256062E6BADD000544C2F /* ActionUITestAppUITests */ = {
			isa = PBXFileSystemSynchronizedRootGroup;
			path = ActionUITestAppUITests;
			sourceTree = "<group>";
		};
		1DD4E4292E8F3228001E0C83 /* ActionUISwiftAdapter */ = {
			isa = PBXFileSystemSynchronizedRootGroup;
			path = ActionUISwiftAdapter;
			sourceTree = "<group>";
		};
		1DD4E43D2E8F9DF2001E0C83 /* ActionUIObjCAdapter */ = {
			isa = PBXFileSystemSynchronizedRootGroup;
			path = ActionUIObjCAdapter;
			sourceTree = "<group>";
		};
		1DD4E4502E8FA9CA001E0C83 /* ActionUIObjCTestApp */ = {
			isa = PBXFileSystemSynchronizedRootGroup;
			exceptions = (
				1D23D6292E8FB724003E84CD /* Exceptions for "ActionUIObjCTestApp" folder in "ActionUIObjCTestApp" target */,
			);
			path = ActionUIObjCTestApp;
			sourceTree = "<group>";
		};
/* End PBXFileSystemSynchronizedRootGroup section */

/* Begin PBXFrameworksBuildPhase section */
		1D03F8E32E49EEC3004A42BB /* Frameworks */ = {
			isa = PBXFrameworksBuildPhase;
			buildActionMask = 2147483647;
			files = (
				1D03F97E2E49F69A004A42BB /* SwiftUI.framework in Frameworks */,
			);
			runOnlyForDeploymentPostprocessing = 0;
		};
		1D03F8EE2E49EEC3004A42BB /* Frameworks */ = {
			isa = PBXFrameworksBuildPhase;
			buildActionMask = 2147483647;
			files = (
				1D03F8F22E49EEC3004A42BB /* ActionUI.framework in Frameworks */,
			);
			runOnlyForDeploymentPostprocessing = 0;
		};
		1D7ED25F2E92F365003BA8A7 /* Frameworks */ = {
			isa = PBXFrameworksBuildPhase;
			buildActionMask = 2147483647;
			files = (
			);
			runOnlyForDeploymentPostprocessing = 0;
		};
		1DB255EA2E6BADCE00544C2F /* Frameworks */ = {
			isa = PBXFrameworksBuildPhase;
			buildActionMask = 2147483647;
			files = (
				1DD4E4302E8F3228001E0C83 /* ActionUISwiftAdapter.framework in Frameworks */,
				1D6DF6A42E6DB5F5002563AE /* ActionUI.framework in Frameworks */,
			);
			runOnlyForDeploymentPostprocessing = 0;
		};
		1DB256002E6BADD000544C2F /* Frameworks */ = {
			isa = PBXFrameworksBuildPhase;
			buildActionMask = 2147483647;
			files = (
			);
			runOnlyForDeploymentPostprocessing = 0;
		};
		1DD4E4252E8F3228001E0C83 /* Frameworks */ = {
			isa = PBXFrameworksBuildPhase;
			buildActionMask = 2147483647;
			files = (
			);
			runOnlyForDeploymentPostprocessing = 0;
		};
		1DD4E4392E8F9DF2001E0C83 /* Frameworks */ = {
			isa = PBXFrameworksBuildPhase;
			buildActionMask = 2147483647;
			files = (
			);
			runOnlyForDeploymentPostprocessing = 0;
		};
		1DD4E44C2E8FA9CA001E0C83 /* Frameworks */ = {
			isa = PBXFrameworksBuildPhase;
			buildActionMask = 2147483647;
			files = (
				1DD4E4612E8FAB49001E0C83 /* ActionUI.framework in Frameworks */,
				1DD4E4602E8FAB45001E0C83 /* ActionUIObjCAdapter.framework in Frameworks */,
			);
			runOnlyForDeploymentPostprocessing = 0;
		};
/* End PBXFrameworksBuildPhase section */

/* Begin PBXGroup section */
		1D03F8DC2E49EEC3004A42BB = {
			isa = PBXGroup;
			children = (
				1D03F8E82E49EEC3004A42BB /* ActionUI */,
				1D03F8F52E49EEC3004A42BB /* ActionUITests */,
				1DB255EE2E6BADCE00544C2F /* ActionUITestApp */,
				1DB256062E6BADD000544C2F /* ActionUITestAppUITests */,
				1DD4E4292E8F3228001E0C83 /* ActionUISwiftAdapter */,
				1DD4E43D2E8F9DF2001E0C83 /* ActionUIObjCAdapter */,
				1DD4E4502E8FA9CA001E0C83 /* ActionUIObjCTestApp */,
				1D7ED2632E92F365003BA8A7 /* ActionUIJavaScriptAdapter */,
				1D03F97A2E49F68F004A42BB /* Frameworks */,
				1D03F8E72E49EEC3004A42BB /* Products */,
			);
			sourceTree = "<group>";
		};
		1D03F8E72E49EEC3004A42BB /* Products */ = {
			isa = PBXGroup;
			children = (
				1D03F8E62E49EEC3004A42BB /* ActionUI.framework */,
				1D03F8F12E49EEC3004A42BB /* ActionUITests.xctest */,
				1DB255ED2E6BADCE00544C2F /* ActionUITestApp.app */,
				1DB256032E6BADD000544C2F /* ActionUITestAppTests.xctest */,
				1DD4E4282E8F3228001E0C83 /* ActionUISwiftAdapter.framework */,
				1DD4E43C2E8F9DF2001E0C83 /* ActionUIObjCAdapter.framework */,
				1DD4E44F2E8FA9CA001E0C83 /* ActionUIObjCTestApp.app */,
				1D7ED2622E92F365003BA8A7 /* ActionUIJavaScriptAdapter.framework */,
			);
			name = Products;
			sourceTree = "<group>";
		};
		1D03F97A2E49F68F004A42BB /* Frameworks */ = {
			isa = PBXGroup;
			children = (
				1D03F97D2E49F69A004A42BB /* SwiftUI.framework */,
			);
			name = Frameworks;
			sourceTree = "<group>";
		};
/* End PBXGroup section */

/* Begin PBXHeadersBuildPhase section */
		1D03F8E12E49EEC3004A42BB /* Headers */ = {
			isa = PBXHeadersBuildPhase;
			buildActionMask = 2147483647;
			files = (
			);
			runOnlyForDeploymentPostprocessing = 0;
		};
		1D7ED25D2E92F365003BA8A7 /* Headers */ = {
			isa = PBXHeadersBuildPhase;
			buildActionMask = 2147483647;
			files = (
			);
			runOnlyForDeploymentPostprocessing = 0;
		};
		1DD4E4232E8F3228001E0C83 /* Headers */ = {
			isa = PBXHeadersBuildPhase;
			buildActionMask = 2147483647;
			files = (
			);
			runOnlyForDeploymentPostprocessing = 0;
		};
		1DD4E4372E8F9DF2001E0C83 /* Headers */ = {
			isa = PBXHeadersBuildPhase;
			buildActionMask = 2147483647;
			files = (
			);
			runOnlyForDeploymentPostprocessing = 0;
		};
/* End PBXHeadersBuildPhase section */

/* Begin PBXNativeTarget section */
		1D03F8E52E49EEC3004A42BB /* ActionUI */ = {
			isa = PBXNativeTarget;
			buildConfigurationList = 1D03F8FA2E49EEC3004A42BB /* Build configuration list for PBXNativeTarget "ActionUI" */;
			buildPhases = (
				1D03F8E12E49EEC3004A42BB /* Headers */,
				1D03F8E22E49EEC3004A42BB /* Sources */,
				1D03F8E32E49EEC3004A42BB /* Frameworks */,
				1D03F8E42E49EEC3004A42BB /* Resources */,
			);
			buildRules = (
			);
			dependencies = (
			);
			fileSystemSynchronizedGroups = (
				1D03F8E82E49EEC3004A42BB /* ActionUI */,
			);
			name = ActionUI;
			packageProductDependencies = (
			);
			productName = ActionUI;
			productReference = 1D03F8E62E49EEC3004A42BB /* ActionUI.framework */;
			productType = "com.apple.product-type.framework";
		};
		1D03F8F02E49EEC3004A42BB /* ActionUITests */ = {
			isa = PBXNativeTarget;
			buildConfigurationList = 1D03F8FD2E49EEC3004A42BB /* Build configuration list for PBXNativeTarget "ActionUITests" */;
			buildPhases = (
				1D03F8ED2E49EEC3004A42BB /* Sources */,
				1D03F8EE2E49EEC3004A42BB /* Frameworks */,
				1D03F8EF2E49EEC3004A42BB /* Resources */,
			);
			buildRules = (
			);
			dependencies = (
				1D03F8F42E49EEC3004A42BB /* PBXTargetDependency */,
			);
			fileSystemSynchronizedGroups = (
				1D03F8F52E49EEC3004A42BB /* ActionUITests */,
			);
			name = ActionUITests;
			packageProductDependencies = (
			);
			productName = ActionUITests;
			productReference = 1D03F8F12E49EEC3004A42BB /* ActionUITests.xctest */;
			productType = "com.apple.product-type.bundle.unit-test";
		};
		1D7ED2612E92F365003BA8A7 /* ActionUIJavaScriptAdapter */ = {
			isa = PBXNativeTarget;
			buildConfigurationList = 1D7ED2682E92F365003BA8A7 /* Build configuration list for PBXNativeTarget "ActionUIJavaScriptAdapter" */;
			buildPhases = (
				1D7ED25D2E92F365003BA8A7 /* Headers */,
				1D7ED25E2E92F365003BA8A7 /* Sources */,
				1D7ED25F2E92F365003BA8A7 /* Frameworks */,
				1D7ED2602E92F365003BA8A7 /* Resources */,
			);
			buildRules = (
			);
			dependencies = (
				1D7ED26C2E92F3C7003BA8A7 /* PBXTargetDependency */,
			);
			fileSystemSynchronizedGroups = (
				1D7ED2632E92F365003BA8A7 /* ActionUIJavaScriptAdapter */,
			);
			name = ActionUIJavaScriptAdapter;
			packageProductDependencies = (
			);
			productName = ActionUIJavaScriptAdapter;
			productReference = 1D7ED2622E92F365003BA8A7 /* ActionUIJavaScriptAdapter.framework */;
			productType = "com.apple.product-type.framework";
		};
		1DB255EC2E6BADCE00544C2F /* ActionUITestApp */ = {
			isa = PBXNativeTarget;
			buildConfigurationList = 1DB2560B2E6BADD000544C2F /* Build configuration list for PBXNativeTarget "ActionUITestApp" */;
			buildPhases = (
				1DB255E92E6BADCE00544C2F /* Sources */,
				1DB255EA2E6BADCE00544C2F /* Frameworks */,
				1DB255EB2E6BADCE00544C2F /* Resources */,
				1D6DF6A62E6DB5F5002563AE /* Embed Frameworks */,
			);
			buildRules = (
			);
			dependencies = (
				1DB2561A2E6C236300544C2F /* PBXTargetDependency */,
				1DD4E42F2E8F3228001E0C83 /* PBXTargetDependency */,
				1DD4E4432E8F9DF2001E0C83 /* PBXTargetDependency */,
			);
			fileSystemSynchronizedGroups = (
				1DB255EE2E6BADCE00544C2F /* ActionUITestApp */,
			);
			name = ActionUITestApp;
			packageProductDependencies = (
			);
			productName = ActionUITestApp;
			productReference = 1DB255ED2E6BADCE00544C2F /* ActionUITestApp.app */;
			productType = "com.apple.product-type.application";
		};
		1DB256022E6BADD000544C2F /* ActionUITestAppTests */ = {
			isa = PBXNativeTarget;
			buildConfigurationList = 1DB256112E6BADD000544C2F /* Build configuration list for PBXNativeTarget "ActionUITestAppTests" */;
			buildPhases = (
				1DB255FF2E6BADD000544C2F /* Sources */,
				1DB256002E6BADD000544C2F /* Frameworks */,
				1DB256012E6BADD000544C2F /* Resources */,
			);
			buildRules = (
			);
			dependencies = (
				1DB256052E6BADD000544C2F /* PBXTargetDependency */,
			);
			fileSystemSynchronizedGroups = (
				1DB256062E6BADD000544C2F /* ActionUITestAppUITests */,
			);
			name = ActionUITestAppTests;
			packageProductDependencies = (
			);
			productName = ActionUITestAppUITests;
			productReference = 1DB256032E6BADD000544C2F /* ActionUITestAppTests.xctest */;
			productType = "com.apple.product-type.bundle.ui-testing";
		};
		1DD4E4272E8F3228001E0C83 /* ActionUISwiftAdapter */ = {
			isa = PBXNativeTarget;
			buildConfigurationList = 1DD4E4342E8F3228001E0C83 /* Build configuration list for PBXNativeTarget "ActionUISwiftAdapter" */;
			buildPhases = (
				1DD4E4232E8F3228001E0C83 /* Headers */,
				1DD4E4242E8F3228001E0C83 /* Sources */,
				1DD4E4252E8F3228001E0C83 /* Frameworks */,
				1DD4E4262E8F3228001E0C83 /* Resources */,
			);
			buildRules = (
			);
			dependencies = (
				1DD4E4362E8F3D9D001E0C83 /* PBXTargetDependency */,
			);
			fileSystemSynchronizedGroups = (
				1DD4E4292E8F3228001E0C83 /* ActionUISwiftAdapter */,
			);
			name = ActionUISwiftAdapter;
			packageProductDependencies = (
			);
			productName = ActionUISwift;
			productReference = 1DD4E4282E8F3228001E0C83 /* ActionUISwiftAdapter.framework */;
			productType = "com.apple.product-type.framework";
		};
		1DD4E43B2E8F9DF2001E0C83 /* ActionUIObjCAdapter */ = {
			isa = PBXNativeTarget;
			buildConfigurationList = 1DD4E4462E8F9DF2001E0C83 /* Build configuration list for PBXNativeTarget "ActionUIObjCAdapter" */;
			buildPhases = (
				1DD4E4372E8F9DF2001E0C83 /* Headers */,
				1DD4E4382E8F9DF2001E0C83 /* Sources */,
				1DD4E4392E8F9DF2001E0C83 /* Frameworks */,
				1DD4E43A2E8F9DF2001E0C83 /* Resources */,
			);
			buildRules = (
			);
			dependencies = (
				1DD4E44A2E8FA6D8001E0C83 /* PBXTargetDependency */,
			);
			fileSystemSynchronizedGroups = (
				1DD4E43D2E8F9DF2001E0C83 /* ActionUIObjCAdapter */,
			);
			name = ActionUIObjCAdapter;
			packageProductDependencies = (
			);
			productName = ActionUIObjCAdapter;
			productReference = 1DD4E43C2E8F9DF2001E0C83 /* ActionUIObjCAdapter.framework */;
			productType = "com.apple.product-type.framework";
		};
		1DD4E44E2E8FA9CA001E0C83 /* ActionUIObjCTestApp */ = {
			isa = PBXNativeTarget;
			buildConfigurationList = 1DD4E4572E8FA9CB001E0C83 /* Build configuration list for PBXNativeTarget "ActionUIObjCTestApp" */;
			buildPhases = (
				1DD4E44B2E8FA9CA001E0C83 /* Sources */,
				1DD4E44C2E8FA9CA001E0C83 /* Frameworks */,
				1DD4E44D2E8FA9CA001E0C83 /* Resources */,
			);
			buildRules = (
			);
			dependencies = (
				1DD4E45F2E8FAB31001E0C83 /* PBXTargetDependency */,
			);
			fileSystemSynchronizedGroups = (
				1DD4E4502E8FA9CA001E0C83 /* ActionUIObjCTestApp */,
			);
			name = ActionUIObjCTestApp;
			packageProductDependencies = (
			);
			productName = ActionUIObjCTestApp;
			productReference = 1DD4E44F2E8FA9CA001E0C83 /* ActionUIObjCTestApp.app */;
			productType = "com.apple.product-type.application";
		};
/* End PBXNativeTarget section */

/* Begin PBXProject section */
		1D03F8DD2E49EEC3004A42BB /* Project object */ = {
			isa = PBXProject;
			attributes = {
				BuildIndependentTargetsInParallel = 1;
				LastSwiftUpdateCheck = 2600;
				LastUpgradeCheck = 2600;
				TargetAttributes = {
					1D03F8E52E49EEC3004A42BB = {
						CreatedOnToolsVersion = 26.0;
					};
					1D03F8F02E49EEC3004A42BB = {
						CreatedOnToolsVersion = 26.0;
					};
					1D7ED2612E92F365003BA8A7 = {
						CreatedOnToolsVersion = 26.0.1;
					};
					1DB255EC2E6BADCE00544C2F = {
						CreatedOnToolsVersion = 26.0;
					};
					1DB256022E6BADD000544C2F = {
						CreatedOnToolsVersion = 26.0;
						TestTargetID = 1DB255EC2E6BADCE00544C2F;
					};
					1DD4E4272E8F3228001E0C83 = {
						CreatedOnToolsVersion = 26.0.1;
					};
					1DD4E43B2E8F9DF2001E0C83 = {
						CreatedOnToolsVersion = 26.0.1;
					};
					1DD4E44E2E8FA9CA001E0C83 = {
						CreatedOnToolsVersion = 26.0.1;
					};
				};
			};
			buildConfigurationList = 1D03F8E02E49EEC3004A42BB /* Build configuration list for PBXProject "ActionUI" */;
			developmentRegion = en;
			hasScannedForEncodings = 0;
			knownRegions = (
				en,
				Base,
			);
			mainGroup = 1D03F8DC2E49EEC3004A42BB;
			minimizedProjectReferenceProxies = 1;
			preferredProjectObjectVersion = 77;
			productRefGroup = 1D03F8E72E49EEC3004A42BB /* Products */;
			projectDirPath = "";
			projectRoot = "";
			targets = (
				1D03F8E52E49EEC3004A42BB /* ActionUI */,
				1D03F8F02E49EEC3004A42BB /* ActionUITests */,
				1DB255EC2E6BADCE00544C2F /* ActionUITestApp */,
				1DB256022E6BADD000544C2F /* ActionUITestAppTests */,
				1DD4E4272E8F3228001E0C83 /* ActionUISwiftAdapter */,
				1DD4E43B2E8F9DF2001E0C83 /* ActionUIObjCAdapter */,
				1DD4E44E2E8FA9CA001E0C83 /* ActionUIObjCTestApp */,
				1D7ED2612E92F365003BA8A7 /* ActionUIJavaScriptAdapter */,
			);
		};
/* End PBXProject section */

/* Begin PBXResourcesBuildPhase section */
		1D03F8E42E49EEC3004A42BB /* Resources */ = {
			isa = PBXResourcesBuildPhase;
			buildActionMask = 2147483647;
			files = (
			);
			runOnlyForDeploymentPostprocessing = 0;
		};
		1D03F8EF2E49EEC3004A42BB /* Resources */ = {
			isa = PBXResourcesBuildPhase;
			buildActionMask = 2147483647;
			files = (
			);
			runOnlyForDeploymentPostprocessing = 0;
		};
		1D7ED2602E92F365003BA8A7 /* Resources */ = {
			isa = PBXResourcesBuildPhase;
			buildActionMask = 2147483647;
			files = (
			);
			runOnlyForDeploymentPostprocessing = 0;
		};
		1DB255EB2E6BADCE00544C2F /* Resources */ = {
			isa = PBXResourcesBuildPhase;
			buildActionMask = 2147483647;
			files = (
			);
			runOnlyForDeploymentPostprocessing = 0;
		};
		1DB256012E6BADD000544C2F /* Resources */ = {
			isa = PBXResourcesBuildPhase;
			buildActionMask = 2147483647;
			files = (
			);
			runOnlyForDeploymentPostprocessing = 0;
		};
		1DD4E4262E8F3228001E0C83 /* Resources */ = {
			isa = PBXResourcesBuildPhase;
			buildActionMask = 2147483647;
			files = (
			);
			runOnlyForDeploymentPostprocessing = 0;
		};
		1DD4E43A2E8F9DF2001E0C83 /* Resources */ = {
			isa = PBXResourcesBuildPhase;
			buildActionMask = 2147483647;
			files = (
			);
			runOnlyForDeploymentPostprocessing = 0;
		};
		1DD4E44D2E8FA9CA001E0C83 /* Resources */ = {
			isa = PBXResourcesBuildPhase;
			buildActionMask = 2147483647;
			files = (
			);
			runOnlyForDeploymentPostprocessing = 0;
		};
/* End PBXResourcesBuildPhase section */

/* Begin PBXSourcesBuildPhase section */
		1D03F8E22E49EEC3004A42BB /* Sources */ = {
			isa = PBXSourcesBuildPhase;
			buildActionMask = 2147483647;
			files = (
			);
			runOnlyForDeploymentPostprocessing = 0;
		};
		1D03F8ED2E49EEC3004A42BB /* Sources */ = {
			isa = PBXSourcesBuildPhase;
			buildActionMask = 2147483647;
			files = (
			);
			runOnlyForDeploymentPostprocessing = 0;
		};
		1D7ED25E2E92F365003BA8A7 /* Sources */ = {
			isa = PBXSourcesBuildPhase;
			buildActionMask = 2147483647;
			files = (
			);
			runOnlyForDeploymentPostprocessing = 0;
		};
		1DB255E92E6BADCE00544C2F /* Sources */ = {
			isa = PBXSourcesBuildPhase;
			buildActionMask = 2147483647;
			files = (
			);
			runOnlyForDeploymentPostprocessing = 0;
		};
		1DB255FF2E6BADD000544C2F /* Sources */ = {
			isa = PBXSourcesBuildPhase;
			buildActionMask = 2147483647;
			files = (
			);
			runOnlyForDeploymentPostprocessing = 0;
		};
		1DD4E4242E8F3228001E0C83 /* Sources */ = {
			isa = PBXSourcesBuildPhase;
			buildActionMask = 2147483647;
			files = (
			);
			runOnlyForDeploymentPostprocessing = 0;
		};
		1DD4E4382E8F9DF2001E0C83 /* Sources */ = {
			isa = PBXSourcesBuildPhase;
			buildActionMask = 2147483647;
			files = (
			);
			runOnlyForDeploymentPostprocessing = 0;
		};
		1DD4E44B2E8FA9CA001E0C83 /* Sources */ = {
			isa = PBXSourcesBuildPhase;
			buildActionMask = 2147483647;
			files = (
			);
			runOnlyForDeploymentPostprocessing = 0;
		};
/* End PBXSourcesBuildPhase section */

/* Begin PBXTargetDependency section */
		1D03F8F42E49EEC3004A42BB /* PBXTargetDependency */ = {
			isa = PBXTargetDependency;
			target = 1D03F8E52E49EEC3004A42BB /* ActionUI */;
			targetProxy = 1D03F8F32E49EEC3004A42BB /* PBXContainerItemProxy */;
		};
		1D7ED26C2E92F3C7003BA8A7 /* PBXTargetDependency */ = {
			isa = PBXTargetDependency;
			target = 1D03F8E52E49EEC3004A42BB /* ActionUI */;
			targetProxy = 1D7ED26B2E92F3C7003BA8A7 /* PBXContainerItemProxy */;
		};
		1DB256052E6BADD000544C2F /* PBXTargetDependency */ = {
			isa = PBXTargetDependency;
			target = 1DB255EC2E6BADCE00544C2F /* ActionUITestApp */;
			targetProxy = 1DB256042E6BADD000544C2F /* PBXContainerItemProxy */;
		};
		1DB2561A2E6C236300544C2F /* PBXTargetDependency */ = {
			isa = PBXTargetDependency;
			target = 1D03F8E52E49EEC3004A42BB /* ActionUI */;
			targetProxy = 1DB256192E6C236300544C2F /* PBXContainerItemProxy */;
		};
		1DD4E42F2E8F3228001E0C83 /* PBXTargetDependency */ = {
			isa = PBXTargetDependency;
			target = 1DD4E4272E8F3228001E0C83 /* ActionUISwiftAdapter */;
			targetProxy = 1DD4E42E2E8F3228001E0C83 /* PBXContainerItemProxy */;
		};
		1DD4E4362E8F3D9D001E0C83 /* PBXTargetDependency */ = {
			isa = PBXTargetDependency;
			target = 1D03F8E52E49EEC3004A42BB /* ActionUI */;
			targetProxy = 1DD4E4352E8F3D9D001E0C83 /* PBXContainerItemProxy */;
		};
		1DD4E4432E8F9DF2001E0C83 /* PBXTargetDependency */ = {
			isa = PBXTargetDependency;
			target = 1DD4E43B2E8F9DF2001E0C83 /* ActionUIObjCAdapter */;
			targetProxy = 1DD4E4422E8F9DF2001E0C83 /* PBXContainerItemProxy */;
		};
		1DD4E44A2E8FA6D8001E0C83 /* PBXTargetDependency */ = {
			isa = PBXTargetDependency;
			target = 1D03F8E52E49EEC3004A42BB /* ActionUI */;
			targetProxy = 1DD4E4492E8FA6D8001E0C83 /* PBXContainerItemProxy */;
		};
		1DD4E45F2E8FAB31001E0C83 /* PBXTargetDependency */ = {
			isa = PBXTargetDependency;
			target = 1DD4E43B2E8F9DF2001E0C83 /* ActionUIObjCAdapter */;
			targetProxy = 1DD4E45E2E8FAB31001E0C83 /* PBXContainerItemProxy */;
		};
/* End PBXTargetDependency section */

/* Begin XCBuildConfiguration section */
		1D03F8F82E49EEC3004A42BB /* Debug */ = {
			isa = XCBuildConfiguration;
			buildSettings = {
				ALWAYS_SEARCH_USER_PATHS = NO;
				ASSETCATALOG_COMPILER_GENERATE_SWIFT_ASSET_SYMBOL_EXTENSIONS = YES;
				CLANG_ANALYZER_NONNULL = YES;
				CLANG_ANALYZER_NUMBER_OBJECT_CONVERSION = YES_AGGRESSIVE;
				CLANG_CXX_LANGUAGE_STANDARD = "gnu++20";
				CLANG_ENABLE_MODULES = YES;
				CLANG_ENABLE_OBJC_ARC = YES;
				CLANG_ENABLE_OBJC_WEAK = YES;
				CLANG_WARN_BLOCK_CAPTURE_AUTORELEASING = YES;
				CLANG_WARN_BOOL_CONVERSION = YES;
				CLANG_WARN_COMMA = YES;
				CLANG_WARN_CONSTANT_CONVERSION = YES;
				CLANG_WARN_DEPRECATED_OBJC_IMPLEMENTATIONS = YES;
				CLANG_WARN_DIRECT_OBJC_ISA_USAGE = YES_ERROR;
				CLANG_WARN_DOCUMENTATION_COMMENTS = YES;
				CLANG_WARN_EMPTY_BODY = YES;
				CLANG_WARN_ENUM_CONVERSION = YES;
				CLANG_WARN_INFINITE_RECURSION = YES;
				CLANG_WARN_INT_CONVERSION = YES;
				CLANG_WARN_NON_LITERAL_NULL_CONVERSION = YES;
				CLANG_WARN_OBJC_IMPLICIT_RETAIN_SELF = YES;
				CLANG_WARN_OBJC_LITERAL_CONVERSION = YES;
				CLANG_WARN_OBJC_ROOT_CLASS = YES_ERROR;
				CLANG_WARN_QUOTED_INCLUDE_IN_FRAMEWORK_HEADER = YES;
				CLANG_WARN_RANGE_LOOP_ANALYSIS = YES;
				CLANG_WARN_STRICT_PROTOTYPES = YES;
				CLANG_WARN_SUSPICIOUS_MOVE = YES;
				CLANG_WARN_UNGUARDED_AVAILABILITY = YES_AGGRESSIVE;
				CLANG_WARN_UNREACHABLE_CODE = YES;
				CLANG_WARN__DUPLICATE_METHOD_MATCH = YES;
				COPY_PHASE_STRIP = NO;
				CURRENT_PROJECT_VERSION = 1;
				DEBUG_INFORMATION_FORMAT = dwarf;
				ENABLE_STRICT_OBJC_MSGSEND = YES;
				ENABLE_TESTABILITY = YES;
				ENABLE_USER_SCRIPT_SANDBOXING = YES;
				GCC_C_LANGUAGE_STANDARD = gnu17;
				GCC_DYNAMIC_NO_PIC = NO;
				GCC_NO_COMMON_BLOCKS = YES;
				GCC_OPTIMIZATION_LEVEL = 0;
				GCC_PREPROCESSOR_DEFINITIONS = (
					"DEBUG=1",
					"$(inherited)",
				);
				GCC_WARN_64_TO_32_BIT_CONVERSION = YES;
				GCC_WARN_ABOUT_RETURN_TYPE = YES_ERROR;
				GCC_WARN_UNDECLARED_SELECTOR = YES;
				GCC_WARN_UNINITIALIZED_AUTOS = YES_AGGRESSIVE;
				GCC_WARN_UNUSED_FUNCTION = YES;
				GCC_WARN_UNUSED_VARIABLE = YES;
				IPHONEOS_DEPLOYMENT_TARGET = 17.6;
				LOCALIZATION_PREFERS_STRING_CATALOGS = YES;
				MACOSX_DEPLOYMENT_TARGET = 14.6;
				MTL_ENABLE_DEBUG_INFO = INCLUDE_SOURCE;
				MTL_FAST_MATH = YES;
				ONLY_ACTIVE_ARCH = YES;
				SWIFT_ACTIVE_COMPILATION_CONDITIONS = "DEBUG $(inherited)";
				SWIFT_OPTIMIZATION_LEVEL = "-Onone";
				TARGETED_DEVICE_FAMILY = "1,2,7";
				TVOS_DEPLOYMENT_TARGET = 17.6;
				VERSIONING_SYSTEM = "apple-generic";
				VERSION_INFO_PREFIX = "";
				WATCHOS_DEPLOYMENT_TARGET = 10.6;
				XROS_DEPLOYMENT_TARGET = 2.6;
			};
			name = Debug;
		};
		1D03F8F92E49EEC3004A42BB /* Release */ = {
			isa = XCBuildConfiguration;
			buildSettings = {
				ALWAYS_SEARCH_USER_PATHS = NO;
				ASSETCATALOG_COMPILER_GENERATE_SWIFT_ASSET_SYMBOL_EXTENSIONS = YES;
				CLANG_ANALYZER_NONNULL = YES;
				CLANG_ANALYZER_NUMBER_OBJECT_CONVERSION = YES_AGGRESSIVE;
				CLANG_CXX_LANGUAGE_STANDARD = "gnu++20";
				CLANG_ENABLE_MODULES = YES;
				CLANG_ENABLE_OBJC_ARC = YES;
				CLANG_ENABLE_OBJC_WEAK = YES;
				CLANG_WARN_BLOCK_CAPTURE_AUTORELEASING = YES;
				CLANG_WARN_BOOL_CONVERSION = YES;
				CLANG_WARN_COMMA = YES;
				CLANG_WARN_CONSTANT_CONVERSION = YES;
				CLANG_WARN_DEPRECATED_OBJC_IMPLEMENTATIONS = YES;
				CLANG_WARN_DIRECT_OBJC_ISA_USAGE = YES_ERROR;
				CLANG_WARN_DOCUMENTATION_COMMENTS = YES;
				CLANG_WARN_EMPTY_BODY = YES;
				CLANG_WARN_ENUM_CONVERSION = YES;
				CLANG_WARN_INFINITE_RECURSION = YES;
				CLANG_WARN_INT_CONVERSION = YES;
				CLANG_WARN_NON_LITERAL_NULL_CONVERSION = YES;
				CLANG_WARN_OBJC_IMPLICIT_RETAIN_SELF = YES;
				CLANG_WARN_OBJC_LITERAL_CONVERSION = YES;
				CLANG_WARN_OBJC_ROOT_CLASS = YES_ERROR;
				CLANG_WARN_QUOTED_INCLUDE_IN_FRAMEWORK_HEADER = YES;
				CLANG_WARN_RANGE_LOOP_ANALYSIS = YES;
				CLANG_WARN_STRICT_PROTOTYPES = YES;
				CLANG_WARN_SUSPICIOUS_MOVE = YES;
				CLANG_WARN_UNGUARDED_AVAILABILITY = YES_AGGRESSIVE;
				CLANG_WARN_UNREACHABLE_CODE = YES;
				CLANG_WARN__DUPLICATE_METHOD_MATCH = YES;
				COPY_PHASE_STRIP = NO;
				CURRENT_PROJECT_VERSION = 1;
				DEBUG_INFORMATION_FORMAT = "dwarf-with-dsym";
				ENABLE_NS_ASSERTIONS = NO;
				ENABLE_STRICT_OBJC_MSGSEND = YES;
				ENABLE_USER_SCRIPT_SANDBOXING = YES;
				GCC_C_LANGUAGE_STANDARD = gnu17;
				GCC_NO_COMMON_BLOCKS = YES;
				GCC_WARN_64_TO_32_BIT_CONVERSION = YES;
				GCC_WARN_ABOUT_RETURN_TYPE = YES_ERROR;
				GCC_WARN_UNDECLARED_SELECTOR = YES;
				GCC_WARN_UNINITIALIZED_AUTOS = YES_AGGRESSIVE;
				GCC_WARN_UNUSED_FUNCTION = YES;
				GCC_WARN_UNUSED_VARIABLE = YES;
				IPHONEOS_DEPLOYMENT_TARGET = 17.6;
				LOCALIZATION_PREFERS_STRING_CATALOGS = YES;
				MACOSX_DEPLOYMENT_TARGET = 14.6;
				MTL_ENABLE_DEBUG_INFO = NO;
				MTL_FAST_MATH = YES;
				SWIFT_COMPILATION_MODE = wholemodule;
				TARGETED_DEVICE_FAMILY = "1,2,7";
				TVOS_DEPLOYMENT_TARGET = 17.6;
				VERSIONING_SYSTEM = "apple-generic";
				VERSION_INFO_PREFIX = "";
				WATCHOS_DEPLOYMENT_TARGET = 10.6;
				XROS_DEPLOYMENT_TARGET = 2.6;
			};
			name = Release;
		};
		1D03F8FB2E49EEC3004A42BB /* Debug */ = {
			isa = XCBuildConfiguration;
			buildSettings = {
				ALLOW_TARGET_PLATFORM_SPECIALIZATION = YES;
				BUILD_LIBRARY_FOR_DISTRIBUTION = YES;
				CODE_SIGN_STYLE = Automatic;
				CURRENT_PROJECT_VERSION = 1;
				DYLIB_COMPATIBILITY_VERSION = 1;
				DYLIB_CURRENT_VERSION = 1;
				DYLIB_INSTALL_NAME_BASE = "@rpath";
				ENABLE_MODULE_VERIFIER = YES;
				GENERATE_INFOPLIST_FILE = YES;
				INFOPLIST_KEY_NSHumanReadableCopyright = "";
				INSTALL_PATH = "$(LOCAL_LIBRARY_DIR)/Frameworks";
				LD_RUNPATH_SEARCH_PATHS = (
					"@executable_path/Frameworks",
					"@loader_path/Frameworks",
				);
				"LD_RUNPATH_SEARCH_PATHS[sdk=macosx*]" = (
					"@executable_path/../Frameworks",
					"@loader_path/Frameworks",
				);
				MARKETING_VERSION = 1.0;
				MODULE_VERIFIER_SUPPORTED_LANGUAGES = "objective-c objective-c++";
				MODULE_VERIFIER_SUPPORTED_LANGUAGE_STANDARDS = "gnu17 gnu++20";
				PRODUCT_BUNDLE_IDENTIFIER = com.abracode.ActionUI;
				PRODUCT_NAME = "$(TARGET_NAME:c99extidentifier)";
				SDKROOT = auto;
				SKIP_INSTALL = YES;
				STRING_CATALOG_GENERATE_SYMBOLS = YES;
				SUPPORTED_PLATFORMS = "iphoneos iphonesimulator macosx xros xrsimulator";
				SWIFT_APPROACHABLE_CONCURRENCY = YES;
				SWIFT_EMIT_LOC_STRINGS = YES;
				SWIFT_INSTALL_MODULE = YES;
				SWIFT_INSTALL_OBJC_HEADER = NO;
				SWIFT_UPCOMING_FEATURE_MEMBER_IMPORT_VISIBILITY = YES;
				SWIFT_VERSION = 5.0;
			};
			name = Debug;
		};
		1D03F8FC2E49EEC3004A42BB /* Release */ = {
			isa = XCBuildConfiguration;
			buildSettings = {
				ALLOW_TARGET_PLATFORM_SPECIALIZATION = YES;
				BUILD_LIBRARY_FOR_DISTRIBUTION = YES;
				CODE_SIGN_STYLE = Automatic;
				CURRENT_PROJECT_VERSION = 1;
				DYLIB_COMPATIBILITY_VERSION = 1;
				DYLIB_CURRENT_VERSION = 1;
				DYLIB_INSTALL_NAME_BASE = "@rpath";
				ENABLE_MODULE_VERIFIER = YES;
				GENERATE_INFOPLIST_FILE = YES;
				INFOPLIST_KEY_NSHumanReadableCopyright = "";
				INSTALL_PATH = "$(LOCAL_LIBRARY_DIR)/Frameworks";
				LD_RUNPATH_SEARCH_PATHS = (
					"@executable_path/Frameworks",
					"@loader_path/Frameworks",
				);
				"LD_RUNPATH_SEARCH_PATHS[sdk=macosx*]" = (
					"@executable_path/../Frameworks",
					"@loader_path/Frameworks",
				);
				MARKETING_VERSION = 1.0;
				MODULE_VERIFIER_SUPPORTED_LANGUAGES = "objective-c objective-c++";
				MODULE_VERIFIER_SUPPORTED_LANGUAGE_STANDARDS = "gnu17 gnu++20";
				PRODUCT_BUNDLE_IDENTIFIER = com.abracode.ActionUI;
				PRODUCT_NAME = "$(TARGET_NAME:c99extidentifier)";
				SDKROOT = auto;
				SKIP_INSTALL = YES;
				STRING_CATALOG_GENERATE_SYMBOLS = YES;
				SUPPORTED_PLATFORMS = "iphoneos iphonesimulator macosx xros xrsimulator";
				SWIFT_APPROACHABLE_CONCURRENCY = YES;
				SWIFT_EMIT_LOC_STRINGS = YES;
				SWIFT_INSTALL_MODULE = YES;
				SWIFT_INSTALL_OBJC_HEADER = NO;
				SWIFT_UPCOMING_FEATURE_MEMBER_IMPORT_VISIBILITY = YES;
				SWIFT_VERSION = 5.0;
			};
			name = Release;
		};
		1D03F8FE2E49EEC3004A42BB /* Debug */ = {
			isa = XCBuildConfiguration;
			buildSettings = {
				ALLOW_TARGET_PLATFORM_SPECIALIZATION = YES;
				CODE_SIGN_STYLE = Automatic;
				CURRENT_PROJECT_VERSION = 1;
				GENERATE_INFOPLIST_FILE = YES;
				MARKETING_VERSION = 1.0;
				PRODUCT_BUNDLE_IDENTIFIER = com.abracode.ActionUITests;
				PRODUCT_NAME = "$(TARGET_NAME)";
				SDKROOT = auto;
				STRING_CATALOG_GENERATE_SYMBOLS = NO;
				SUPPORTED_PLATFORMS = "iphoneos iphonesimulator macosx xros xrsimulator";
				SWIFT_APPROACHABLE_CONCURRENCY = YES;
				SWIFT_EMIT_LOC_STRINGS = NO;
				SWIFT_UPCOMING_FEATURE_MEMBER_IMPORT_VISIBILITY = YES;
				SWIFT_VERSION = 5.0;
			};
			name = Debug;
		};
		1D03F8FF2E49EEC3004A42BB /* Release */ = {
			isa = XCBuildConfiguration;
			buildSettings = {
				ALLOW_TARGET_PLATFORM_SPECIALIZATION = YES;
				CODE_SIGN_STYLE = Automatic;
				CURRENT_PROJECT_VERSION = 1;
				GENERATE_INFOPLIST_FILE = YES;
				MARKETING_VERSION = 1.0;
				PRODUCT_BUNDLE_IDENTIFIER = com.abracode.ActionUITests;
				PRODUCT_NAME = "$(TARGET_NAME)";
				SDKROOT = auto;
				STRING_CATALOG_GENERATE_SYMBOLS = NO;
				SUPPORTED_PLATFORMS = "iphoneos iphonesimulator macosx xros xrsimulator";
				SWIFT_APPROACHABLE_CONCURRENCY = YES;
				SWIFT_EMIT_LOC_STRINGS = NO;
				SWIFT_UPCOMING_FEATURE_MEMBER_IMPORT_VISIBILITY = YES;
				SWIFT_VERSION = 5.0;
			};
			name = Release;
		};
		1D7ED2692E92F365003BA8A7 /* Debug */ = {
			isa = XCBuildConfiguration;
			buildSettings = {
				ALLOW_TARGET_PLATFORM_SPECIALIZATION = YES;
				BUILD_LIBRARY_FOR_DISTRIBUTION = YES;
				CODE_SIGN_STYLE = Automatic;
				CURRENT_PROJECT_VERSION = 1;
				DYLIB_COMPATIBILITY_VERSION = 1;
				DYLIB_CURRENT_VERSION = 1;
				DYLIB_INSTALL_NAME_BASE = "@rpath";
				ENABLE_MODULE_VERIFIER = YES;
				GENERATE_INFOPLIST_FILE = YES;
				INFOPLIST_KEY_NSHumanReadableCopyright = "";
				INSTALL_PATH = "$(LOCAL_LIBRARY_DIR)/Frameworks";
				IPHONEOS_DEPLOYMENT_TARGET = 26.0;
				LD_RUNPATH_SEARCH_PATHS = (
					"@executable_path/Frameworks",
					"@loader_path/Frameworks",
				);
				"LD_RUNPATH_SEARCH_PATHS[sdk=macosx*]" = (
					"@executable_path/../Frameworks",
					"@loader_path/Frameworks",
				);
				MACH_O_TYPE = staticlib;
				MACOSX_DEPLOYMENT_TARGET = 26.0;
				MARKETING_VERSION = 1.0;
				MODULE_VERIFIER_SUPPORTED_LANGUAGES = "objective-c objective-c++";
				MODULE_VERIFIER_SUPPORTED_LANGUAGE_STANDARDS = "gnu17 gnu++20";
				PRODUCT_BUNDLE_IDENTIFIER = com.abracode.ActionUIJavaScriptAdapter;
				PRODUCT_NAME = "$(TARGET_NAME:c99extidentifier)";
				SDKROOT = auto;
				SKIP_INSTALL = YES;
				STRING_CATALOG_GENERATE_SYMBOLS = YES;
				SUPPORTED_PLATFORMS = "iphoneos iphonesimulator macosx xros xrsimulator";
				SWIFT_APPROACHABLE_CONCURRENCY = YES;
				SWIFT_EMIT_LOC_STRINGS = YES;
				SWIFT_INSTALL_MODULE = YES;
				SWIFT_INSTALL_OBJC_HEADER = NO;
				SWIFT_UPCOMING_FEATURE_MEMBER_IMPORT_VISIBILITY = YES;
				SWIFT_VERSION = 5.0;
				TARGETED_DEVICE_FAMILY = "1,2,7";
				XROS_DEPLOYMENT_TARGET = 26.0;
			};
			name = Debug;
		};
		1D7ED26A2E92F365003BA8A7 /* Release */ = {
			isa = XCBuildConfiguration;
			buildSettings = {
				ALLOW_TARGET_PLATFORM_SPECIALIZATION = YES;
				BUILD_LIBRARY_FOR_DISTRIBUTION = YES;
				CODE_SIGN_STYLE = Automatic;
				CURRENT_PROJECT_VERSION = 1;
				DYLIB_COMPATIBILITY_VERSION = 1;
				DYLIB_CURRENT_VERSION = 1;
				DYLIB_INSTALL_NAME_BASE = "@rpath";
				ENABLE_MODULE_VERIFIER = YES;
				GENERATE_INFOPLIST_FILE = YES;
				INFOPLIST_KEY_NSHumanReadableCopyright = "";
				INSTALL_PATH = "$(LOCAL_LIBRARY_DIR)/Frameworks";
				IPHONEOS_DEPLOYMENT_TARGET = 26.0;
				LD_RUNPATH_SEARCH_PATHS = (
					"@executable_path/Frameworks",
					"@loader_path/Frameworks",
				);
				"LD_RUNPATH_SEARCH_PATHS[sdk=macosx*]" = (
					"@executable_path/../Frameworks",
					"@loader_path/Frameworks",
				);
				MACH_O_TYPE = staticlib;
				MACOSX_DEPLOYMENT_TARGET = 26.0;
				MARKETING_VERSION = 1.0;
				MODULE_VERIFIER_SUPPORTED_LANGUAGES = "objective-c objective-c++";
				MODULE_VERIFIER_SUPPORTED_LANGUAGE_STANDARDS = "gnu17 gnu++20";
				PRODUCT_BUNDLE_IDENTIFIER = com.abracode.ActionUIJavaScriptAdapter;
				PRODUCT_NAME = "$(TARGET_NAME:c99extidentifier)";
				SDKROOT = auto;
				SKIP_INSTALL = YES;
				STRING_CATALOG_GENERATE_SYMBOLS = YES;
				SUPPORTED_PLATFORMS = "iphoneos iphonesimulator macosx xros xrsimulator";
				SWIFT_APPROACHABLE_CONCURRENCY = YES;
				SWIFT_EMIT_LOC_STRINGS = YES;
				SWIFT_INSTALL_MODULE = YES;
				SWIFT_INSTALL_OBJC_HEADER = NO;
				SWIFT_UPCOMING_FEATURE_MEMBER_IMPORT_VISIBILITY = YES;
				SWIFT_VERSION = 5.0;
				TARGETED_DEVICE_FAMILY = "1,2,7";
				XROS_DEPLOYMENT_TARGET = 26.0;
			};
			name = Release;
		};
		1DB2560C2E6BADD000544C2F /* Debug */ = {
			isa = XCBuildConfiguration;
			buildSettings = {
				ASSETCATALOG_COMPILER_APPICON_NAME = AppIcon;
				ASSETCATALOG_COMPILER_GLOBAL_ACCENT_COLOR_NAME = AccentColor;
				CODE_SIGN_STYLE = Automatic;
				CURRENT_PROJECT_VERSION = 1;
				ENABLE_APP_SANDBOX = YES;
				ENABLE_INCOMING_NETWORK_CONNECTIONS = NO;
				ENABLE_OUTGOING_NETWORK_CONNECTIONS = YES;
				ENABLE_PREVIEWS = YES;
				ENABLE_RESOURCE_ACCESS_AUDIO_INPUT = NO;
				ENABLE_RESOURCE_ACCESS_BLUETOOTH = NO;
				ENABLE_RESOURCE_ACCESS_CALENDARS = NO;
				ENABLE_RESOURCE_ACCESS_CAMERA = NO;
				ENABLE_RESOURCE_ACCESS_CONTACTS = NO;
				ENABLE_RESOURCE_ACCESS_LOCATION = YES;
				ENABLE_RESOURCE_ACCESS_PRINTING = NO;
				ENABLE_RESOURCE_ACCESS_USB = NO;
				ENABLE_USER_SELECTED_FILES = readonly;
				GENERATE_INFOPLIST_FILE = YES;
				"INFOPLIST_KEY_UIApplicationSceneManifest_Generation[sdk=iphoneos*]" = YES;
				"INFOPLIST_KEY_UIApplicationSceneManifest_Generation[sdk=iphonesimulator*]" = YES;
				"INFOPLIST_KEY_UIApplicationSupportsIndirectInputEvents[sdk=iphoneos*]" = YES;
				"INFOPLIST_KEY_UIApplicationSupportsIndirectInputEvents[sdk=iphonesimulator*]" = YES;
				"INFOPLIST_KEY_UILaunchScreen_Generation[sdk=iphoneos*]" = YES;
				"INFOPLIST_KEY_UILaunchScreen_Generation[sdk=iphonesimulator*]" = YES;
				"INFOPLIST_KEY_UIStatusBarStyle[sdk=iphoneos*]" = UIStatusBarStyleDefault;
				"INFOPLIST_KEY_UIStatusBarStyle[sdk=iphonesimulator*]" = UIStatusBarStyleDefault;
				INFOPLIST_KEY_UISupportedInterfaceOrientations_iPad = "UIInterfaceOrientationPortrait UIInterfaceOrientationPortraitUpsideDown UIInterfaceOrientationLandscapeLeft UIInterfaceOrientationLandscapeRight";
				INFOPLIST_KEY_UISupportedInterfaceOrientations_iPhone = "UIInterfaceOrientationPortrait UIInterfaceOrientationLandscapeLeft UIInterfaceOrientationLandscapeRight";
				LD_RUNPATH_SEARCH_PATHS = "@executable_path/Frameworks";
				"LD_RUNPATH_SEARCH_PATHS[sdk=macosx*]" = "@executable_path/../Frameworks";
				MARKETING_VERSION = 1.0;
				PRODUCT_BUNDLE_IDENTIFIER = com.abracode.ActionUITestApp;
				PRODUCT_NAME = "$(TARGET_NAME)";
				REGISTER_APP_GROUPS = YES;
				SDKROOT = auto;
				STRING_CATALOG_GENERATE_SYMBOLS = YES;
				SUPPORTED_PLATFORMS = "iphoneos iphonesimulator macosx xros xrsimulator";
				SWIFT_APPROACHABLE_CONCURRENCY = YES;
				SWIFT_DEFAULT_ACTOR_ISOLATION = MainActor;
				SWIFT_EMIT_LOC_STRINGS = YES;
				SWIFT_UPCOMING_FEATURE_MEMBER_IMPORT_VISIBILITY = YES;
				SWIFT_VERSION = 5.0;
			};
			name = Debug;
		};
		1DB2560D2E6BADD000544C2F /* Release */ = {
			isa = XCBuildConfiguration;
			buildSettings = {
				ASSETCATALOG_COMPILER_APPICON_NAME = AppIcon;
				ASSETCATALOG_COMPILER_GLOBAL_ACCENT_COLOR_NAME = AccentColor;
				CODE_SIGN_STYLE = Automatic;
				CURRENT_PROJECT_VERSION = 1;
				ENABLE_APP_SANDBOX = YES;
				ENABLE_INCOMING_NETWORK_CONNECTIONS = NO;
				ENABLE_OUTGOING_NETWORK_CONNECTIONS = YES;
				ENABLE_PREVIEWS = YES;
				ENABLE_RESOURCE_ACCESS_AUDIO_INPUT = NO;
				ENABLE_RESOURCE_ACCESS_BLUETOOTH = NO;
				ENABLE_RESOURCE_ACCESS_CALENDARS = NO;
				ENABLE_RESOURCE_ACCESS_CAMERA = NO;
				ENABLE_RESOURCE_ACCESS_CONTACTS = NO;
				ENABLE_RESOURCE_ACCESS_LOCATION = YES;
				ENABLE_RESOURCE_ACCESS_PRINTING = NO;
				ENABLE_RESOURCE_ACCESS_USB = NO;
				ENABLE_USER_SELECTED_FILES = readonly;
				GENERATE_INFOPLIST_FILE = YES;
				"INFOPLIST_KEY_UIApplicationSceneManifest_Generation[sdk=iphoneos*]" = YES;
				"INFOPLIST_KEY_UIApplicationSceneManifest_Generation[sdk=iphonesimulator*]" = YES;
				"INFOPLIST_KEY_UIApplicationSupportsIndirectInputEvents[sdk=iphoneos*]" = YES;
				"INFOPLIST_KEY_UIApplicationSupportsIndirectInputEvents[sdk=iphonesimulator*]" = YES;
				"INFOPLIST_KEY_UILaunchScreen_Generation[sdk=iphoneos*]" = YES;
				"INFOPLIST_KEY_UILaunchScreen_Generation[sdk=iphonesimulator*]" = YES;
				"INFOPLIST_KEY_UIStatusBarStyle[sdk=iphoneos*]" = UIStatusBarStyleDefault;
				"INFOPLIST_KEY_UIStatusBarStyle[sdk=iphonesimulator*]" = UIStatusBarStyleDefault;
				INFOPLIST_KEY_UISupportedInterfaceOrientations_iPad = "UIInterfaceOrientationPortrait UIInterfaceOrientationPortraitUpsideDown UIInterfaceOrientationLandscapeLeft UIInterfaceOrientationLandscapeRight";
				INFOPLIST_KEY_UISupportedInterfaceOrientations_iPhone = "UIInterfaceOrientationPortrait UIInterfaceOrientationLandscapeLeft UIInterfaceOrientationLandscapeRight";
				LD_RUNPATH_SEARCH_PATHS = "@executable_path/Frameworks";
				"LD_RUNPATH_SEARCH_PATHS[sdk=macosx*]" = "@executable_path/../Frameworks";
				MARKETING_VERSION = 1.0;
				PRODUCT_BUNDLE_IDENTIFIER = com.abracode.ActionUITestApp;
				PRODUCT_NAME = "$(TARGET_NAME)";
				REGISTER_APP_GROUPS = YES;
				SDKROOT = auto;
				STRING_CATALOG_GENERATE_SYMBOLS = YES;
				SUPPORTED_PLATFORMS = "iphoneos iphonesimulator macosx xros xrsimulator";
				SWIFT_APPROACHABLE_CONCURRENCY = YES;
				SWIFT_DEFAULT_ACTOR_ISOLATION = MainActor;
				SWIFT_EMIT_LOC_STRINGS = YES;
				SWIFT_UPCOMING_FEATURE_MEMBER_IMPORT_VISIBILITY = YES;
				SWIFT_VERSION = 5.0;
			};
			name = Release;
		};
		1DB256122E6BADD000544C2F /* Debug */ = {
			isa = XCBuildConfiguration;
			buildSettings = {
				CODE_SIGN_STYLE = Automatic;
				CURRENT_PROJECT_VERSION = 1;
				GENERATE_INFOPLIST_FILE = YES;
				MARKETING_VERSION = 1.0;
				PRODUCT_BUNDLE_IDENTIFIER = com.abracode.ActionUITestAppUITests;
				PRODUCT_NAME = "$(TARGET_NAME)";
				SDKROOT = auto;
				STRING_CATALOG_GENERATE_SYMBOLS = NO;
				SUPPORTED_PLATFORMS = "iphoneos iphonesimulator macosx xros xrsimulator";
				SWIFT_APPROACHABLE_CONCURRENCY = YES;
				SWIFT_EMIT_LOC_STRINGS = NO;
				SWIFT_UPCOMING_FEATURE_MEMBER_IMPORT_VISIBILITY = YES;
				SWIFT_VERSION = 5.0;
				TEST_TARGET_NAME = ActionUITestApp;
			};
			name = Debug;
		};
		1DB256132E6BADD000544C2F /* Release */ = {
			isa = XCBuildConfiguration;
			buildSettings = {
				CODE_SIGN_STYLE = Automatic;
				CURRENT_PROJECT_VERSION = 1;
				GENERATE_INFOPLIST_FILE = YES;
				MARKETING_VERSION = 1.0;
				PRODUCT_BUNDLE_IDENTIFIER = com.abracode.ActionUITestAppUITests;
				PRODUCT_NAME = "$(TARGET_NAME)";
				SDKROOT = auto;
				STRING_CATALOG_GENERATE_SYMBOLS = NO;
				SUPPORTED_PLATFORMS = "iphoneos iphonesimulator macosx xros xrsimulator";
				SWIFT_APPROACHABLE_CONCURRENCY = YES;
				SWIFT_EMIT_LOC_STRINGS = NO;
				SWIFT_UPCOMING_FEATURE_MEMBER_IMPORT_VISIBILITY = YES;
				SWIFT_VERSION = 5.0;
				TEST_TARGET_NAME = ActionUITestApp;
			};
			name = Release;
		};
		1DD4E4322E8F3228001E0C83 /* Debug */ = {
			isa = XCBuildConfiguration;
			buildSettings = {
				ALLOW_TARGET_PLATFORM_SPECIALIZATION = YES;
				BUILD_LIBRARY_FOR_DISTRIBUTION = YES;
				CODE_SIGN_STYLE = Automatic;
				CURRENT_PROJECT_VERSION = 1;
				DYLIB_COMPATIBILITY_VERSION = 1;
				DYLIB_CURRENT_VERSION = 1;
				DYLIB_INSTALL_NAME_BASE = "@rpath";
				ENABLE_MODULE_VERIFIER = YES;
				GENERATE_INFOPLIST_FILE = YES;
				INFOPLIST_KEY_NSHumanReadableCopyright = "";
				INSTALL_PATH = "$(LOCAL_LIBRARY_DIR)/Frameworks";
				LD_RUNPATH_SEARCH_PATHS = (
					"@executable_path/Frameworks",
					"@loader_path/Frameworks",
				);
				"LD_RUNPATH_SEARCH_PATHS[sdk=macosx*]" = (
					"@executable_path/../Frameworks",
					"@loader_path/Frameworks",
				);
				MACH_O_TYPE = staticlib;
				MARKETING_VERSION = 1.0;
				MODULE_VERIFIER_SUPPORTED_LANGUAGES = "objective-c objective-c++";
				MODULE_VERIFIER_SUPPORTED_LANGUAGE_STANDARDS = "gnu17 gnu++20";
				PRODUCT_BUNDLE_IDENTIFIER = com.abracode.ActionUISwiftAdapter;
				PRODUCT_NAME = "$(TARGET_NAME:c99extidentifier)";
				SDKROOT = auto;
				STRING_CATALOG_GENERATE_SYMBOLS = YES;
				SUPPORTED_PLATFORMS = "iphoneos iphonesimulator macosx xros xrsimulator";
				SWIFT_APPROACHABLE_CONCURRENCY = YES;
				SWIFT_EMIT_LOC_STRINGS = YES;
				SWIFT_INSTALL_MODULE = YES;
				SWIFT_INSTALL_OBJC_HEADER = NO;
				SWIFT_UPCOMING_FEATURE_MEMBER_IMPORT_VISIBILITY = YES;
				SWIFT_VERSION = 5.0;
			};
			name = Debug;
		};
		1DD4E4332E8F3228001E0C83 /* Release */ = {
			isa = XCBuildConfiguration;
			buildSettings = {
				ALLOW_TARGET_PLATFORM_SPECIALIZATION = YES;
				BUILD_LIBRARY_FOR_DISTRIBUTION = YES;
				CODE_SIGN_STYLE = Automatic;
				CURRENT_PROJECT_VERSION = 1;
				DYLIB_COMPATIBILITY_VERSION = 1;
				DYLIB_CURRENT_VERSION = 1;
				DYLIB_INSTALL_NAME_BASE = "@rpath";
				ENABLE_MODULE_VERIFIER = YES;
				GENERATE_INFOPLIST_FILE = YES;
				INFOPLIST_KEY_NSHumanReadableCopyright = "";
				INSTALL_PATH = "$(LOCAL_LIBRARY_DIR)/Frameworks";
				LD_RUNPATH_SEARCH_PATHS = (
					"@executable_path/Frameworks",
					"@loader_path/Frameworks",
				);
				"LD_RUNPATH_SEARCH_PATHS[sdk=macosx*]" = (
					"@executable_path/../Frameworks",
					"@loader_path/Frameworks",
				);
				MACH_O_TYPE = staticlib;
				MARKETING_VERSION = 1.0;
				MODULE_VERIFIER_SUPPORTED_LANGUAGES = "objective-c objective-c++";
				MODULE_VERIFIER_SUPPORTED_LANGUAGE_STANDARDS = "gnu17 gnu++20";
				PRODUCT_BUNDLE_IDENTIFIER = com.abracode.ActionUISwiftAdapter;
				PRODUCT_NAME = "$(TARGET_NAME:c99extidentifier)";
				SDKROOT = auto;
				STRING_CATALOG_GENERATE_SYMBOLS = YES;
				SUPPORTED_PLATFORMS = "iphoneos iphonesimulator macosx xros xrsimulator";
				SWIFT_APPROACHABLE_CONCURRENCY = YES;
				SWIFT_EMIT_LOC_STRINGS = YES;
				SWIFT_INSTALL_MODULE = YES;
				SWIFT_INSTALL_OBJC_HEADER = NO;
				SWIFT_UPCOMING_FEATURE_MEMBER_IMPORT_VISIBILITY = YES;
				SWIFT_VERSION = 5.0;
			};
			name = Release;
		};
		1DD4E4472E8F9DF2001E0C83 /* Debug */ = {
			isa = XCBuildConfiguration;
			buildSettings = {
				ALLOW_TARGET_PLATFORM_SPECIALIZATION = YES;
				BUILD_LIBRARY_FOR_DISTRIBUTION = YES;
				CODE_SIGN_STYLE = Automatic;
				CURRENT_PROJECT_VERSION = 1;
				DEFINES_MODULE = YES;
				DYLIB_COMPATIBILITY_VERSION = 1;
				DYLIB_CURRENT_VERSION = 1;
				DYLIB_INSTALL_NAME_BASE = "@rpath";
				ENABLE_MODULE_VERIFIER = YES;
				GENERATE_INFOPLIST_FILE = YES;
				INFOPLIST_KEY_NSHumanReadableCopyright = "";
				INSTALL_PATH = "$(LOCAL_LIBRARY_DIR)/Frameworks";
				LD_RUNPATH_SEARCH_PATHS = (
					"@executable_path/Frameworks",
					"@loader_path/Frameworks",
				);
				"LD_RUNPATH_SEARCH_PATHS[sdk=macosx*]" = (
					"@executable_path/../Frameworks",
					"@loader_path/Frameworks",
				);
				MACH_O_TYPE = staticlib;
				MARKETING_VERSION = 1.0;
				MODULE_VERIFIER_SUPPORTED_LANGUAGES = "objective-c objective-c++";
				MODULE_VERIFIER_SUPPORTED_LANGUAGE_STANDARDS = "gnu17 gnu++20";
				PRODUCT_BUNDLE_IDENTIFIER = com.abracode.ActionUIObjCAdapter;
				PRODUCT_NAME = "$(TARGET_NAME:c99extidentifier)";
				SDKROOT = auto;
				SKIP_INSTALL = YES;
				STRING_CATALOG_GENERATE_SYMBOLS = YES;
				SUPPORTED_PLATFORMS = "iphoneos iphonesimulator macosx xros xrsimulator";
				SWIFT_APPROACHABLE_CONCURRENCY = YES;
				SWIFT_EMIT_LOC_STRINGS = YES;
				SWIFT_ENABLE_EXPLICIT_MODULES = YES;
				SWIFT_INSTALL_MODULE = YES;
				SWIFT_UPCOMING_FEATURE_MEMBER_IMPORT_VISIBILITY = YES;
				SWIFT_VERSION = 5.0;
			};
			name = Debug;
		};
		1DD4E4482E8F9DF2001E0C83 /* Release */ = {
			isa = XCBuildConfiguration;
			buildSettings = {
				ALLOW_TARGET_PLATFORM_SPECIALIZATION = YES;
				BUILD_LIBRARY_FOR_DISTRIBUTION = YES;
				CODE_SIGN_STYLE = Automatic;
				CURRENT_PROJECT_VERSION = 1;
				DEFINES_MODULE = YES;
				DYLIB_COMPATIBILITY_VERSION = 1;
				DYLIB_CURRENT_VERSION = 1;
				DYLIB_INSTALL_NAME_BASE = "@rpath";
				ENABLE_MODULE_VERIFIER = YES;
				GENERATE_INFOPLIST_FILE = YES;
				INFOPLIST_KEY_NSHumanReadableCopyright = "";
				INSTALL_PATH = "$(LOCAL_LIBRARY_DIR)/Frameworks";
				LD_RUNPATH_SEARCH_PATHS = (
					"@executable_path/Frameworks",
					"@loader_path/Frameworks",
				);
				"LD_RUNPATH_SEARCH_PATHS[sdk=macosx*]" = (
					"@executable_path/../Frameworks",
					"@loader_path/Frameworks",
				);
				MACH_O_TYPE = staticlib;
				MARKETING_VERSION = 1.0;
				MODULE_VERIFIER_SUPPORTED_LANGUAGES = "objective-c objective-c++";
				MODULE_VERIFIER_SUPPORTED_LANGUAGE_STANDARDS = "gnu17 gnu++20";
				PRODUCT_BUNDLE_IDENTIFIER = com.abracode.ActionUIObjCAdapter;
				PRODUCT_NAME = "$(TARGET_NAME:c99extidentifier)";
				SDKROOT = auto;
				SKIP_INSTALL = YES;
				STRING_CATALOG_GENERATE_SYMBOLS = YES;
				SUPPORTED_PLATFORMS = "iphoneos iphonesimulator macosx xros xrsimulator";
				SWIFT_APPROACHABLE_CONCURRENCY = YES;
				SWIFT_EMIT_LOC_STRINGS = YES;
				SWIFT_ENABLE_EXPLICIT_MODULES = YES;
				SWIFT_INSTALL_MODULE = YES;
				SWIFT_UPCOMING_FEATURE_MEMBER_IMPORT_VISIBILITY = YES;
				SWIFT_VERSION = 5.0;
			};
			name = Release;
		};
		1DD4E4582E8FA9CB001E0C83 /* Debug */ = {
			isa = XCBuildConfiguration;
			buildSettings = {
				ASSETCATALOG_COMPILER_APPICON_NAME = AppIcon;
				ASSETCATALOG_COMPILER_GLOBAL_ACCENT_COLOR_NAME = AccentColor;
				CODE_SIGN_STYLE = Automatic;
				CURRENT_PROJECT_VERSION = 1;
				ENABLE_APP_SANDBOX = YES;
				ENABLE_PREVIEWS = YES;
				ENABLE_USER_SELECTED_FILES = readonly;
				GENERATE_INFOPLIST_FILE = YES;
				"GENERATE_INFOPLIST_FILE[sdk=*]" = NO;
				"GENERATE_INFOPLIST_FILE[sdk=macosx*]" = YES;
				"INFOPLIST_FILE[sdk=iphone*]" = "ActionUIObjCTestApp/Info-iOS.plist";
				"INFOPLIST_KEY_NSMainNibFile[sdk=*]" = Main;
				"INFOPLIST_KEY_NSMainNibFile[sdk=macosx*]" = MainMenu;
				"INFOPLIST_KEY_NSPrincipalClass[sdk=macosx*]" = NSApplication;
				"INFOPLIST_KEY_UIApplicationSceneManifest_Generation[sdk=iphoneos*]" = YES;
				"INFOPLIST_KEY_UIApplicationSceneManifest_Generation[sdk=iphonesimulator*]" = YES;
				"INFOPLIST_KEY_UIApplicationSupportsIndirectInputEvents[sdk=iphoneos*]" = YES;
				"INFOPLIST_KEY_UIApplicationSupportsIndirectInputEvents[sdk=iphonesimulator*]" = YES;
				"INFOPLIST_KEY_UILaunchScreen_Generation[sdk=iphoneos*]" = YES;
				"INFOPLIST_KEY_UILaunchScreen_Generation[sdk=iphonesimulator*]" = YES;
				"INFOPLIST_KEY_UIStatusBarStyle[sdk=iphoneos*]" = UIStatusBarStyleDefault;
				"INFOPLIST_KEY_UIStatusBarStyle[sdk=iphonesimulator*]" = UIStatusBarStyleDefault;
				INFOPLIST_KEY_UISupportedInterfaceOrientations_iPad = "UIInterfaceOrientationPortrait UIInterfaceOrientationPortraitUpsideDown UIInterfaceOrientationLandscapeLeft UIInterfaceOrientationLandscapeRight";
				INFOPLIST_KEY_UISupportedInterfaceOrientations_iPhone = "UIInterfaceOrientationPortrait UIInterfaceOrientationLandscapeLeft UIInterfaceOrientationLandscapeRight";
				IPHONEOS_DEPLOYMENT_TARGET = 26.0;
				LD_RUNPATH_SEARCH_PATHS = "@executable_path/Frameworks";
				"LD_RUNPATH_SEARCH_PATHS[sdk=macosx*]" = "@executable_path/../Frameworks";
				MACOSX_DEPLOYMENT_TARGET = 26.0;
				MARKETING_VERSION = 1.0;
				PRODUCT_BUNDLE_IDENTIFIER = com.abracode.ActionUIObjCTestApp;
				PRODUCT_NAME = "$(TARGET_NAME)";
				REGISTER_APP_GROUPS = YES;
				SDKROOT = auto;
				STRING_CATALOG_GENERATE_SYMBOLS = YES;
				SUPPORTED_PLATFORMS = "iphoneos iphonesimulator macosx xros xrsimulator";
				SWIFT_APPROACHABLE_CONCURRENCY = YES;
				SWIFT_DEFAULT_ACTOR_ISOLATION = MainActor;
				SWIFT_EMIT_LOC_STRINGS = YES;
				SWIFT_UPCOMING_FEATURE_MEMBER_IMPORT_VISIBILITY = YES;
				SWIFT_VERSION = 5.0;
				TARGETED_DEVICE_FAMILY = "1,2,7";
				XROS_DEPLOYMENT_TARGET = 26.0;
			};
			name = Debug;
		};
		1DD4E4592E8FA9CB001E0C83 /* Release */ = {
			isa = XCBuildConfiguration;
			buildSettings = {
				ASSETCATALOG_COMPILER_APPICON_NAME = AppIcon;
				ASSETCATALOG_COMPILER_GLOBAL_ACCENT_COLOR_NAME = AccentColor;
				CODE_SIGN_STYLE = Automatic;
				CURRENT_PROJECT_VERSION = 1;
				ENABLE_APP_SANDBOX = YES;
				ENABLE_PREVIEWS = YES;
				ENABLE_USER_SELECTED_FILES = readonly;
				GENERATE_INFOPLIST_FILE = YES;
				"GENERATE_INFOPLIST_FILE[sdk=*]" = NO;
				"GENERATE_INFOPLIST_FILE[sdk=macosx*]" = YES;
				"INFOPLIST_FILE[sdk=iphone*]" = "ActionUIObjCTestApp/Info-iOS.plist";
				"INFOPLIST_KEY_NSMainNibFile[sdk=*]" = Main;
				"INFOPLIST_KEY_NSMainNibFile[sdk=macosx*]" = MainMenu;
				"INFOPLIST_KEY_NSPrincipalClass[sdk=macosx*]" = NSApplication;
				"INFOPLIST_KEY_UIApplicationSceneManifest_Generation[sdk=iphoneos*]" = YES;
				"INFOPLIST_KEY_UIApplicationSceneManifest_Generation[sdk=iphonesimulator*]" = YES;
				"INFOPLIST_KEY_UIApplicationSupportsIndirectInputEvents[sdk=iphoneos*]" = YES;
				"INFOPLIST_KEY_UIApplicationSupportsIndirectInputEvents[sdk=iphonesimulator*]" = YES;
				"INFOPLIST_KEY_UILaunchScreen_Generation[sdk=iphoneos*]" = YES;
				"INFOPLIST_KEY_UILaunchScreen_Generation[sdk=iphonesimulator*]" = YES;
				"INFOPLIST_KEY_UIStatusBarStyle[sdk=iphoneos*]" = UIStatusBarStyleDefault;
				"INFOPLIST_KEY_UIStatusBarStyle[sdk=iphonesimulator*]" = UIStatusBarStyleDefault;
				INFOPLIST_KEY_UISupportedInterfaceOrientations_iPad = "UIInterfaceOrientationPortrait UIInterfaceOrientationPortraitUpsideDown UIInterfaceOrientationLandscapeLeft UIInterfaceOrientationLandscapeRight";
				INFOPLIST_KEY_UISupportedInterfaceOrientations_iPhone = "UIInterfaceOrientationPortrait UIInterfaceOrientationLandscapeLeft UIInterfaceOrientationLandscapeRight";
				IPHONEOS_DEPLOYMENT_TARGET = 26.0;
				LD_RUNPATH_SEARCH_PATHS = "@executable_path/Frameworks";
				"LD_RUNPATH_SEARCH_PATHS[sdk=macosx*]" = "@executable_path/../Frameworks";
				MACOSX_DEPLOYMENT_TARGET = 26.0;
				MARKETING_VERSION = 1.0;
				PRODUCT_BUNDLE_IDENTIFIER = com.abracode.ActionUIObjCTestApp;
				PRODUCT_NAME = "$(TARGET_NAME)";
				REGISTER_APP_GROUPS = YES;
				SDKROOT = auto;
				STRING_CATALOG_GENERATE_SYMBOLS = YES;
				SUPPORTED_PLATFORMS = "iphoneos iphonesimulator macosx xros xrsimulator";
				SWIFT_APPROACHABLE_CONCURRENCY = YES;
				SWIFT_DEFAULT_ACTOR_ISOLATION = MainActor;
				SWIFT_EMIT_LOC_STRINGS = YES;
				SWIFT_UPCOMING_FEATURE_MEMBER_IMPORT_VISIBILITY = YES;
				SWIFT_VERSION = 5.0;
				TARGETED_DEVICE_FAMILY = "1,2,7";
				XROS_DEPLOYMENT_TARGET = 26.0;
			};
			name = Release;
		};
/* End XCBuildConfiguration section */

/* Begin XCConfigurationList section */
		1D03F8E02E49EEC3004A42BB /* Build configuration list for PBXProject "ActionUI" */ = {
			isa = XCConfigurationList;
			buildConfigurations = (
				1D03F8F82E49EEC3004A42BB /* Debug */,
				1D03F8F92E49EEC3004A42BB /* Release */,
			);
			defaultConfigurationIsVisible = 0;
			defaultConfigurationName = Release;
		};
		1D03F8FA2E49EEC3004A42BB /* Build configuration list for PBXNativeTarget "ActionUI" */ = {
			isa = XCConfigurationList;
			buildConfigurations = (
				1D03F8FB2E49EEC3004A42BB /* Debug */,
				1D03F8FC2E49EEC3004A42BB /* Release */,
			);
			defaultConfigurationIsVisible = 0;
			defaultConfigurationName = Release;
		};
		1D03F8FD2E49EEC3004A42BB /* Build configuration list for PBXNativeTarget "ActionUITests" */ = {
			isa = XCConfigurationList;
			buildConfigurations = (
				1D03F8FE2E49EEC3004A42BB /* Debug */,
				1D03F8FF2E49EEC3004A42BB /* Release */,
			);
			defaultConfigurationIsVisible = 0;
			defaultConfigurationName = Release;
		};
		1D7ED2682E92F365003BA8A7 /* Build configuration list for PBXNativeTarget "ActionUIJavaScriptAdapter" */ = {
			isa = XCConfigurationList;
			buildConfigurations = (
				1D7ED2692E92F365003BA8A7 /* Debug */,
				1D7ED26A2E92F365003BA8A7 /* Release */,
			);
			defaultConfigurationIsVisible = 0;
			defaultConfigurationName = Release;
		};
		1DB2560B2E6BADD000544C2F /* Build configuration list for PBXNativeTarget "ActionUITestApp" */ = {
			isa = XCConfigurationList;
			buildConfigurations = (
				1DB2560C2E6BADD000544C2F /* Debug */,
				1DB2560D2E6BADD000544C2F /* Release */,
			);
			defaultConfigurationIsVisible = 0;
			defaultConfigurationName = Release;
		};
		1DB256112E6BADD000544C2F /* Build configuration list for PBXNativeTarget "ActionUITestAppTests" */ = {
			isa = XCConfigurationList;
			buildConfigurations = (
				1DB256122E6BADD000544C2F /* Debug */,
				1DB256132E6BADD000544C2F /* Release */,
			);
			defaultConfigurationIsVisible = 0;
			defaultConfigurationName = Release;
		};
		1DD4E4342E8F3228001E0C83 /* Build configuration list for PBXNativeTarget "ActionUISwiftAdapter" */ = {
			isa = XCConfigurationList;
			buildConfigurations = (
				1DD4E4322E8F3228001E0C83 /* Debug */,
				1DD4E4332E8F3228001E0C83 /* Release */,
			);
			defaultConfigurationIsVisible = 0;
			defaultConfigurationName = Release;
		};
		1DD4E4462E8F9DF2001E0C83 /* Build configuration list for PBXNativeTarget "ActionUIObjCAdapter" */ = {
			isa = XCConfigurationList;
			buildConfigurations = (
				1DD4E4472E8F9DF2001E0C83 /* Debug */,
				1DD4E4482E8F9DF2001E0C83 /* Release */,
			);
			defaultConfigurationIsVisible = 0;
			defaultConfigurationName = Release;
		};
		1DD4E4572E8FA9CB001E0C83 /* Build configuration list for PBXNativeTarget "ActionUIObjCTestApp" */ = {
			isa = XCConfigurationList;
			buildConfigurations = (
				1DD4E4582E8FA9CB001E0C83 /* Debug */,
				1DD4E4592E8FA9CB001E0C83 /* Release */,
			);
			defaultConfigurationIsVisible = 0;
			defaultConfigurationName = Release;
		};
/* End XCConfigurationList section */
	};
	rootObject = 1D03F8DD2E49EEC3004A42BB /* Project object */;
}
