{
  "originHash" : "8055b14aa4b499861fc02ebebfc4c19151ad96ee9628e26811e012e8bae108ed",
  "pins" : [
    {
      "identity" : "asyncimagecache",
      "kind" : "remoteSourceControl",
      "location" : "https://github.com/abra-code/AsyncImageCache",
      "state" : {
        "revision" : "aedaeb70f7763b5f4caf7cfdce228007d857ae94",
        "version" : "0.1.1"
      }
    },
    {
      "identity" : "richtext",
      "kind" : "remoteSourceControl",
      "location" : "https://github.com/abra-code/RichText",
      "state" : {
        "revision" : "29b5008857aaf7a77e6120fd399d501ff290bbec",
        "version" : "0.2.3"
      }
    }
  ],
  "version" : 3
}
